// !$*UTF8*$!
{
	archiveVersion = 1;
	classes = {
	};
	objectVersion = 46;
	objects = {

/* Begin PBXBuildFile section */
		5505E4461B9328C000E95F93 /* 365-No.png in Resources */ = {isa = PBXBuildFile; fileRef = 5505E4401B9328C000E95F93 /* 365-No.png */; };
		5505E4471B9328C000E95F93 /* 365.png in Resources */ = {isa = PBXBuildFile; fileRef = 5505E4411B9328C000E95F93 /* 365.png */; };
		5505E4481B9328C000E95F93 /* Long Term.png in Resources */ = {isa = PBXBuildFile; fileRef = 5505E4421B9328C000E95F93 /* Long Term.png */; };
		5505E4491B9328C000E95F93 /* Long.png in Resources */ = {isa = PBXBuildFile; fileRef = 5505E4431B9328C000E95F93 /* Long.png */; };
		5505E44A1B9328C000E95F93 /* Short Term.png in Resources */ = {isa = PBXBuildFile; fileRef = 5505E4441B9328C000E95F93 /* Short Term.png */; };
		5505E44B1B9328C000E95F93 /* Short.png in Resources */ = {isa = PBXBuildFile; fileRef = 5505E4451B9328C000E95F93 /* Short.png */; };
		5505E44D1B935A0B00E95F93 /* Utils.swift in Sources */ = {isa = PBXBuildFile; fileRef = 5505E44C1B935A0B00E95F93 /* Utils.swift */; };
		5529604D1B6327A50035622F /* SevenSwitch.swift in Sources */ = {isa = PBXBuildFile; fileRef = 5529604C1B6327A50035622F /* SevenSwitch.swift */; };
		5529604F1B65B0DF0035622F /* InvestmentTableViewCell.swift in Sources */ = {isa = PBXBuildFile; fileRef = 5529604E1B65B0DF0035622F /* InvestmentTableViewCell.swift */; };
		553E2FC91B7F5A400014B3BE /* TaxBracket.swift in Sources */ = {isa = PBXBuildFile; fileRef = 557BD8251B6D1559003F5CE1 /* TaxBracket.swift */; };
		553E2FCA1B7F5A540014B3BE /* LotTerm.swift in Sources */ = {isa = PBXBuildFile; fileRef = 557E85DC1B69AA2E00197CBE /* LotTerm.swift */; };
		553E2FCB1B7F5A570014B3BE /* LotPosition.swift in Sources */ = {isa = PBXBuildFile; fileRef = 55C28A731B58751F001D073E /* LotPosition.swift */; };
		553E2FCC1B7F5A5A0014B3BE /* FilingStatus.swift in Sources */ = {isa = PBXBuildFile; fileRef = 557E85D81B66FEFF00197CBE /* FilingStatus.swift */; };
		553E2FCE1B7F5A690014B3BE /* CapitalGainManager.swift in Sources */ = {isa = PBXBuildFile; fileRef = 55D0CF6C1B5F2145003B1D3F /* CapitalGainManager.swift */; };
		553E2FD01B7F5A710014B3BE /* SortedDictionary.swift in Sources */ = {isa = PBXBuildFile; fileRef = 55DD2B471B6ED2AC002B7400 /* SortedDictionary.swift */; };
		553E2FD11B7F5AF40014B3BE /* TaxOnCapitalGainLossUp.swift in Sources */ = {isa = PBXBuildFile; fileRef = 557BD8271B6D1671003F5CE1 /* TaxOnCapitalGainLossUp.swift */; };
		553E2FD21B7F5BF00014B3BE /* TaxProcessor.swift in Sources */ = {isa = PBXBuildFile; fileRef = 557E85DE1B69AC5E00197CBE /* TaxProcessor.swift */; };
		555F00CC1B6BEACD00EB1EAF /* DataManager.swift in Sources */ = {isa = PBXBuildFile; fileRef = 555F00CB1B6BEACC00EB1EAF /* DataManager.swift */; };
		555F15741B7FFF8D00A34EC4 /* ContainerMultiResultController.swift in Sources */ = {isa = PBXBuildFile; fileRef = 555F15731B7FFF8D00A34EC4 /* ContainerMultiResultController.swift */; };
		555F15761B7FFFD700A34EC4 /* ResultLabelController.swift in Sources */ = {isa = PBXBuildFile; fileRef = 555F15751B7FFFD700A34EC4 /* ResultLabelController.swift */; };
		555F15781B80017000A34EC4 /* ResultsSegue.swift in Sources */ = {isa = PBXBuildFile; fileRef = 555F15771B80017000A34EC4 /* ResultsSegue.swift */; };
		555F157A1B815C1500A34EC4 /* TaxPageController.swift in Sources */ = {isa = PBXBuildFile; fileRef = 555F15791B815C1500A34EC4 /* TaxPageController.swift */; };
		556065D01B769D4A0054E00E /* TaxViewControllerContainer.swift in Sources */ = {isa = PBXBuildFile; fileRef = 556065CF1B769D490054E00E /* TaxViewControllerContainer.swift */; };
		55689C4B1B83FE3700F8FAA2 /* BarsChart.swift in Sources */ = {isa = PBXBuildFile; fileRef = 55689C2E1B83FE3700F8FAA2 /* BarsChart.swift */; };
		55689C4C1B83FE3700F8FAA2 /* ChartAxisLabel.swift in Sources */ = {isa = PBXBuildFile; fileRef = 55689C2F1B83FE3700F8FAA2 /* ChartAxisLabel.swift */; };
		55689C4D1B83FE3700F8FAA2 /* ChartAxisLayer.swift in Sources */ = {isa = PBXBuildFile; fileRef = 55689C301B83FE3700F8FAA2 /* ChartAxisLayer.swift */; };
		55689C4E1B83FE3700F8FAA2 /* ChartAxisLayerDefault.swift in Sources */ = {isa = PBXBuildFile; fileRef = 55689C311B83FE3700F8FAA2 /* ChartAxisLayerDefault.swift */; };
		55689C4F1B83FE3700F8FAA2 /* ChartAxisModel.swift in Sources */ = {isa = PBXBuildFile; fileRef = 55689C321B83FE3700F8FAA2 /* ChartAxisModel.swift */; };
		55689C501B83FE3700F8FAA2 /* ChartAxisValue.swift in Sources */ = {isa = PBXBuildFile; fileRef = 55689C331B83FE3700F8FAA2 /* ChartAxisValue.swift */; };
		55689C511B83FE3700F8FAA2 /* ChartAxisValueDate.swift in Sources */ = {isa = PBXBuildFile; fileRef = 55689C341B83FE3700F8FAA2 /* ChartAxisValueDate.swift */; };
		55689C521B83FE3700F8FAA2 /* ChartAxisValueFloat.swift in Sources */ = {isa = PBXBuildFile; fileRef = 55689C351B83FE3700F8FAA2 /* ChartAxisValueFloat.swift */; };
		55689C531B83FE3700F8FAA2 /* ChartAxisValueFloatScreenLoc.swift in Sources */ = {isa = PBXBuildFile; fileRef = 55689C361B83FE3700F8FAA2 /* ChartAxisValueFloatScreenLoc.swift */; };
		55689C541B83FE3700F8FAA2 /* ChartAxisValueInt.swift in Sources */ = {isa = PBXBuildFile; fileRef = 55689C371B83FE3700F8FAA2 /* ChartAxisValueInt.swift */; };
		55689C551B83FE3700F8FAA2 /* ChartAxisValuesGenerator.swift in Sources */ = {isa = PBXBuildFile; fileRef = 55689C381B83FE3700F8FAA2 /* ChartAxisValuesGenerator.swift */; };
		55689C561B83FE3700F8FAA2 /* ChartAxisValueString.swift in Sources */ = {isa = PBXBuildFile; fileRef = 55689C391B83FE3700F8FAA2 /* ChartAxisValueString.swift */; };
		55689C571B83FE3700F8FAA2 /* ChartAxisXHighLayerDefault.swift in Sources */ = {isa = PBXBuildFile; fileRef = 55689C3A1B83FE3700F8FAA2 /* ChartAxisXHighLayerDefault.swift */; };
		55689C581B83FE3700F8FAA2 /* ChartAxisXLayerDefault.swift in Sources */ = {isa = PBXBuildFile; fileRef = 55689C3B1B83FE3700F8FAA2 /* ChartAxisXLayerDefault.swift */; };
		55689C591B83FE3700F8FAA2 /* ChartAxisXLowLayerDefault.swift in Sources */ = {isa = PBXBuildFile; fileRef = 55689C3C1B83FE3700F8FAA2 /* ChartAxisXLowLayerDefault.swift */; };
		55689C5A1B83FE3700F8FAA2 /* ChartAxisYHighLayerDefault.swift in Sources */ = {isa = PBXBuildFile; fileRef = 55689C3D1B83FE3700F8FAA2 /* ChartAxisYHighLayerDefault.swift */; };
		55689C5B1B83FE3700F8FAA2 /* ChartAxisYLayerDefault.swift in Sources */ = {isa = PBXBuildFile; fileRef = 55689C3E1B83FE3700F8FAA2 /* ChartAxisYLayerDefault.swift */; };
		55689C5C1B83FE3700F8FAA2 /* ChartAxisYLowLayerDefault.swift in Sources */ = {isa = PBXBuildFile; fileRef = 55689C3F1B83FE3700F8FAA2 /* ChartAxisYLowLayerDefault.swift */; };
		55689C5D1B83FE3700F8FAA2 /* ChartConfig.swift in Sources */ = {isa = PBXBuildFile; fileRef = 55689C401B83FE3700F8FAA2 /* ChartConfig.swift */; };
		55689C5E1B83FE3700F8FAA2 /* ChartContextDrawer.swift in Sources */ = {isa = PBXBuildFile; fileRef = 55689C411B83FE3700F8FAA2 /* ChartContextDrawer.swift */; };
		55689C5F1B83FE3700F8FAA2 /* ChartDrawerFunctions.swift in Sources */ = {isa = PBXBuildFile; fileRef = 55689C421B83FE3700F8FAA2 /* ChartDrawerFunctions.swift */; };
		55689C601B83FE3700F8FAA2 /* ChartLabelDrawer.swift in Sources */ = {isa = PBXBuildFile; fileRef = 55689C431B83FE3700F8FAA2 /* ChartLabelDrawer.swift */; };
		55689C611B83FE3700F8FAA2 /* ChartLineDrawer.swift in Sources */ = {isa = PBXBuildFile; fileRef = 55689C441B83FE3700F8FAA2 /* ChartLineDrawer.swift */; };
		55689C621B83FE3700F8FAA2 /* ChartPoint.swift in Sources */ = {isa = PBXBuildFile; fileRef = 55689C451B83FE3700F8FAA2 /* ChartPoint.swift */; };
		55689C631B83FE3700F8FAA2 /* ChartPointBubble.swift in Sources */ = {isa = PBXBuildFile; fileRef = 55689C461B83FE3700F8FAA2 /* ChartPointBubble.swift */; };
		55689C641B83FE3700F8FAA2 /* ChartPointCandleStick.swift in Sources */ = {isa = PBXBuildFile; fileRef = 55689C471B83FE3700F8FAA2 /* ChartPointCandleStick.swift */; };
		55689C651B83FE3700F8FAA2 /* ChartStackedBarsLayer.swift in Sources */ = {isa = PBXBuildFile; fileRef = 55689C481B83FE3700F8FAA2 /* ChartStackedBarsLayer.swift */; };
		55689C661B83FE3700F8FAA2 /* LineChart.swift in Sources */ = {isa = PBXBuildFile; fileRef = 55689C491B83FE3700F8FAA2 /* LineChart.swift */; };
		55689C671B83FE3700F8FAA2 /* TrendlineGenerator.swift in Sources */ = {isa = PBXBuildFile; fileRef = 55689C4A1B83FE3700F8FAA2 /* TrendlineGenerator.swift */; };
		55689C6A1B83FE8C00F8FAA2 /* ChartLayer.swift in Sources */ = {isa = PBXBuildFile; fileRef = 55689C681B83FE8C00F8FAA2 /* ChartLayer.swift */; };
		55689C6B1B83FE8C00F8FAA2 /* ChartLayerBase.swift in Sources */ = {isa = PBXBuildFile; fileRef = 55689C691B83FE8C00F8FAA2 /* ChartLayerBase.swift */; };
		55689C6D1B83FECF00F8FAA2 /* ChartUtils.swift in Sources */ = {isa = PBXBuildFile; fileRef = 55689C6C1B83FECF00F8FAA2 /* ChartUtils.swift */; };
		55689C711B83FF4500F8FAA2 /* Chart.swift in Sources */ = {isa = PBXBuildFile; fileRef = 55689C6E1B83FF4500F8FAA2 /* Chart.swift */; };
		55689C721B83FF4500F8FAA2 /* ChartCoordsSpace.swift in Sources */ = {isa = PBXBuildFile; fileRef = 55689C6F1B83FF4500F8FAA2 /* ChartCoordsSpace.swift */; };
		55689C731B83FF4500F8FAA2 /* ChartLineModel.swift in Sources */ = {isa = PBXBuildFile; fileRef = 55689C701B83FF4500F8FAA2 /* ChartLineModel.swift */; };
		55689C751B83FF8D00F8FAA2 /* ChartBarsLayer.swift in Sources */ = {isa = PBXBuildFile; fileRef = 55689C741B83FF8D00F8FAA2 /* ChartBarsLayer.swift */; };
		55689C781B84004C00F8FAA2 /* ChartCoordsSpaceLayer.swift in Sources */ = {isa = PBXBuildFile; fileRef = 55689C761B84004C00F8FAA2 /* ChartCoordsSpaceLayer.swift */; };
		55689C791B84004C00F8FAA2 /* ChartPointViewBar.swift in Sources */ = {isa = PBXBuildFile; fileRef = 55689C771B84004C00F8FAA2 /* ChartPointViewBar.swift */; };
		55689C7B1B84015300F8FAA2 /* ChartGuideLinesLayer.swift in Sources */ = {isa = PBXBuildFile; fileRef = 55689C7A1B84015300F8FAA2 /* ChartGuideLinesLayer.swift */; };
		55689C7D1B8401C800F8FAA2 /* ChartPointViewBarStacked.swift in Sources */ = {isa = PBXBuildFile; fileRef = 55689C7C1B8401C800F8FAA2 /* ChartPointViewBarStacked.swift */; };
		55689C7F1B84020900F8FAA2 /* ChartPointsLineLayer.swift in Sources */ = {isa = PBXBuildFile; fileRef = 55689C7E1B84020900F8FAA2 /* ChartPointsLineLayer.swift */; };
		55689C811B84023E00F8FAA2 /* ChartPointsLayer.swift in Sources */ = {isa = PBXBuildFile; fileRef = 55689C801B84023E00F8FAA2 /* ChartPointsLayer.swift */; };
		55689C831B84028800F8FAA2 /* ChartLinesView.swift in Sources */ = {isa = PBXBuildFile; fileRef = 55689C821B84028800F8FAA2 /* ChartLinesView.swift */; };
		55689C851B8402E100F8FAA2 /* StraigthLinePathGenerator.swift in Sources */ = {isa = PBXBuildFile; fileRef = 55689C841B8402E100F8FAA2 /* StraigthLinePathGenerator.swift */; };
		55689C871B84071900F8FAA2 /* ExamplesDefaults.swift in Sources */ = {isa = PBXBuildFile; fileRef = 55689C861B84071900F8FAA2 /* ExamplesDefaults.swift */; };
		55689C891B84076600F8FAA2 /* Env.swift in Sources */ = {isa = PBXBuildFile; fileRef = 55689C881B84076600F8FAA2 /* Env.swift */; };
		55689C8B1B8407E000F8FAA2 /* ChartGroupedBarsLayer.swift in Sources */ = {isa = PBXBuildFile; fileRef = 55689C8A1B8407E000F8FAA2 /* ChartGroupedBarsLayer.swift */; };
		55689C8D1B84084000F8FAA2 /* ChartPointsViewsLayer.swift in Sources */ = {isa = PBXBuildFile; fileRef = 55689C8C1B84084000F8FAA2 /* ChartPointsViewsLayer.swift */; };
		55689C8F1B8408AA00F8FAA2 /* ChartViewsConflictSolver.swift in Sources */ = {isa = PBXBuildFile; fileRef = 55689C8E1B8408A900F8FAA2 /* ChartViewsConflictSolver.swift */; };
		557BD8261B6D1559003F5CE1 /* TaxBracket.swift in Sources */ = {isa = PBXBuildFile; fileRef = 557BD8251B6D1559003F5CE1 /* TaxBracket.swift */; };
		557BD8281B6D1671003F5CE1 /* TaxOnCapitalGainLossUp.swift in Sources */ = {isa = PBXBuildFile; fileRef = 557BD8271B6D1671003F5CE1 /* TaxOnCapitalGainLossUp.swift */; };
		557E85D71B66FE6100197CBE /* FilingTableViewCell.swift in Sources */ = {isa = PBXBuildFile; fileRef = 557E85D61B66FE6100197CBE /* FilingTableViewCell.swift */; };
		557E85D91B66FEFF00197CBE /* FilingStatus.swift in Sources */ = {isa = PBXBuildFile; fileRef = 557E85D81B66FEFF00197CBE /* FilingStatus.swift */; };
		557E85DB1B67084300197CBE /* AddFilingController.swift in Sources */ = {isa = PBXBuildFile; fileRef = 557E85DA1B67084300197CBE /* AddFilingController.swift */; };
		557E85DD1B69AA2E00197CBE /* LotTerm.swift in Sources */ = {isa = PBXBuildFile; fileRef = 557E85DC1B69AA2E00197CBE /* LotTerm.swift */; };
		557E85DF1B69AC5E00197CBE /* TaxProcessor.swift in Sources */ = {isa = PBXBuildFile; fileRef = 557E85DE1B69AC5E00197CBE /* TaxProcessor.swift */; };
		557E85E11B6AE1F200197CBE /* libsqlite3.dylib in Frameworks */ = {isa = PBXBuildFile; fileRef = 557E85E01B6AE1F200197CBE /* libsqlite3.dylib */; };
		557E85EF1B6AE44F00197CBE /* FMDatabase.m in Sources */ = {isa = PBXBuildFile; fileRef = 557E85E61B6AE44F00197CBE /* FMDatabase.m */; };
		557E85F01B6AE44F00197CBE /* FMResultSet.m in Sources */ = {isa = PBXBuildFile; fileRef = 557E85E81B6AE44F00197CBE /* FMResultSet.m */; };
		557E85F11B6AE44F00197CBE /* FMDatabaseQueue.m in Sources */ = {isa = PBXBuildFile; fileRef = 557E85EA1B6AE44F00197CBE /* FMDatabaseQueue.m */; };
		557E85F21B6AE44F00197CBE /* FMDatabaseAdditions.m in Sources */ = {isa = PBXBuildFile; fileRef = 557E85EC1B6AE44F00197CBE /* FMDatabaseAdditions.m */; };
		557E85F31B6AE44F00197CBE /* FMDatabasePool.m in Sources */ = {isa = PBXBuildFile; fileRef = 557E85EE1B6AE44F00197CBE /* FMDatabasePool.m */; };
		5597E7F11B8AC0D200605BBD /* ResultGraphController.swift in Sources */ = {isa = PBXBuildFile; fileRef = 5597E7F01B8AC0D200605BBD /* ResultGraphController.swift */; };
		55C28A491B55F0E2001D073E /* AppDelegate.swift in Sources */ = {isa = PBXBuildFile; fileRef = 55C28A481B55F0E2001D073E /* AppDelegate.swift */; };
		55C28A4C1B55F0E2001D073E /* CapitalGain_Tax_Calculator.xcdatamodeld in Sources */ = {isa = PBXBuildFile; fileRef = 55C28A4A1B55F0E2001D073E /* CapitalGain_Tax_Calculator.xcdatamodeld */; };
		55C28A511B55F0E2001D073E /* Main.storyboard in Resources */ = {isa = PBXBuildFile; fileRef = 55C28A4F1B55F0E2001D073E /* Main.storyboard */; };
		55C28A531B55F0E2001D073E /* Images.xcassets in Resources */ = {isa = PBXBuildFile; fileRef = 55C28A521B55F0E2001D073E /* Images.xcassets */; };
		55C28A561B55F0E2001D073E /* LaunchScreen.xib in Resources */ = {isa = PBXBuildFile; fileRef = 55C28A541B55F0E2001D073E /* LaunchScreen.xib */; };
		55C28A621B55F0E3001D073E /* CapitalGain_Tax_CalculatorTests.swift in Sources */ = {isa = PBXBuildFile; fileRef = 55C28A611B55F0E3001D073E /* CapitalGain_Tax_CalculatorTests.swift */; };
		55C28A6C1B572D9F001D073E /* InvestmentMasterController.swift in Sources */ = {isa = PBXBuildFile; fileRef = 55C28A6B1B572D9F001D073E /* InvestmentMasterController.swift */; };
		55C28A701B57C9CB001D073E /* AddInvestmentController.swift in Sources */ = {isa = PBXBuildFile; fileRef = 55C28A6F1B57C9CB001D073E /* AddInvestmentController.swift */; };
		55C28A741B58751F001D073E /* LotPosition.swift in Sources */ = {isa = PBXBuildFile; fileRef = 55C28A731B58751F001D073E /* LotPosition.swift */; };
		55D0CF5E1B5DD1AC003B1D3F /* FilingMasterController.swift in Sources */ = {isa = PBXBuildFile; fileRef = 55D0CF5D1B5DD1AC003B1D3F /* FilingMasterController.swift */; };
		55D0CF6B1B5F1F4E003B1D3F /* CapitalGainController.swift in Sources */ = {isa = PBXBuildFile; fileRef = 55D0CF6A1B5F1F4E003B1D3F /* CapitalGainController.swift */; };
		55D0CF6D1B5F2145003B1D3F /* CapitalGainManager.swift in Sources */ = {isa = PBXBuildFile; fileRef = 55D0CF6C1B5F2145003B1D3F /* CapitalGainManager.swift */; };
		55DD2B481B6ED2AC002B7400 /* SortedDictionary.swift in Sources */ = {isa = PBXBuildFile; fileRef = 55DD2B471B6ED2AC002B7400 /* SortedDictionary.swift */; };
		55E7D2F71B778AC40012D1CB /* ContainerInvestmentController.swift in Sources */ = {isa = PBXBuildFile; fileRef = 55E7D2F61B778AC40012D1CB /* ContainerInvestmentController.swift */; };
		55EB87F71B953F6400CA5561 /* PieChartController.swift in Sources */ = {isa = PBXBuildFile; fileRef = 55EB87F61B953F6400CA5561 /* PieChartController.swift */; };
		55EB87F91B953FBC00CA5561 /* PieChartData.swift in Sources */ = {isa = PBXBuildFile; fileRef = 55EB87F81B953FBC00CA5561 /* PieChartData.swift */; };
		55EB87FB1B9540A700CA5561 /* ChartDataEntry.swift in Sources */ = {isa = PBXBuildFile; fileRef = 55EB87FA1B9540A700CA5561 /* ChartDataEntry.swift */; };
		55EB87FD1B95410B00CA5561 /* ChartDataSet.swift in Sources */ = {isa = PBXBuildFile; fileRef = 55EB87FC1B95410B00CA5561 /* ChartDataSet.swift */; };
		55EB87FF1B95418800CA5561 /* ChartData.swift in Sources */ = {isa = PBXBuildFile; fileRef = 55EB87FE1B95418800CA5561 /* ChartData.swift */; };
		55EB88011B9541F000CA5561 /* PieChartDataSet.swift in Sources */ = {isa = PBXBuildFile; fileRef = 55EB88001B9541F000CA5561 /* PieChartDataSet.swift */; };
		55EB88031B9542CD00CA5561 /* ChartUtils_Pie.swift in Sources */ = {isa = PBXBuildFile; fileRef = 55EB88021B9542CD00CA5561 /* ChartUtils_Pie.swift */; };
		55EB880B1B95447D00CA5561 /* Darwin.swift in Sources */ = {isa = PBXBuildFile; fileRef = 55EB880A1B95447D00CA5561 /* Darwin.swift */; };
		55EB880D1B9545A500CA5561 /* ChartSelInfo.swift in Sources */ = {isa = PBXBuildFile; fileRef = 55EB880C1B9545A500CA5561 /* ChartSelInfo.swift */; };
		55EB880F1B9545DC00CA5561 /* ChartYAxis.swift in Sources */ = {isa = PBXBuildFile; fileRef = 55EB880E1B9545DC00CA5561 /* ChartYAxis.swift */; };
		55EB88111B95463F00CA5561 /* PieChartView.swift in Sources */ = {isa = PBXBuildFile; fileRef = 55EB88101B95463F00CA5561 /* PieChartView.swift */; };
		55EB88131B95466F00CA5561 /* PieRadarChartViewBase.swift in Sources */ = {isa = PBXBuildFile; fileRef = 55EB88121B95466F00CA5561 /* PieRadarChartViewBase.swift */; };
		55EB88151B95469A00CA5561 /* ChartViewBase.swift in Sources */ = {isa = PBXBuildFile; fileRef = 55EB88141B95469A00CA5561 /* ChartViewBase.swift */; };
		55EB88171B95470400CA5561 /* ChartHighlight.swift in Sources */ = {isa = PBXBuildFile; fileRef = 55EB88161B95470400CA5561 /* ChartHighlight.swift */; };
		55EB88191B95474200CA5561 /* PieChartRenderer.swift in Sources */ = {isa = PBXBuildFile; fileRef = 55EB88181B95474200CA5561 /* PieChartRenderer.swift */; };
		55EB881B1B95476800CA5561 /* ChartDataRendererBase.swift in Sources */ = {isa = PBXBuildFile; fileRef = 55EB881A1B95476800CA5561 /* ChartDataRendererBase.swift */; };
		55EB881D1B95478F00CA5561 /* ChartRendererBase.swift in Sources */ = {isa = PBXBuildFile; fileRef = 55EB881C1B95478F00CA5561 /* ChartRendererBase.swift */; };
		55EB881F1B9547CC00CA5561 /* ChartAnimator.swift in Sources */ = {isa = PBXBuildFile; fileRef = 55EB881E1B9547CC00CA5561 /* ChartAnimator.swift */; };
		55EB88211B9547FE00CA5561 /* ChartViewPortHandler.swift in Sources */ = {isa = PBXBuildFile; fileRef = 55EB88201B9547FE00CA5561 /* ChartViewPortHandler.swift */; };
		55EB88231B95484500CA5561 /* ChartAxisBase.swift in Sources */ = {isa = PBXBuildFile; fileRef = 55EB88221B95484500CA5561 /* ChartAxisBase.swift */; };
		55EB88251B95486300CA5561 /* ChartComponentBase.swift in Sources */ = {isa = PBXBuildFile; fileRef = 55EB88241B95486200CA5561 /* ChartComponentBase.swift */; };
		55EB88271B95488400CA5561 /* ChartXAxis.swift in Sources */ = {isa = PBXBuildFile; fileRef = 55EB88261B95488400CA5561 /* ChartXAxis.swift */; };
		55EB88291B95496600CA5561 /* ChartLimitLine.swift in Sources */ = {isa = PBXBuildFile; fileRef = 55EB88281B95496600CA5561 /* ChartLimitLine.swift */; };
		55EB882B1B9549CC00CA5561 /* ChartErasingOption.swift in Sources */ = {isa = PBXBuildFile; fileRef = 55EB882A1B9549CC00CA5561 /* ChartErasingOption.swift */; };
		55EB882D1B954B9B00CA5561 /* ChartLegend.swift in Sources */ = {isa = PBXBuildFile; fileRef = 55EB882C1B954B9B00CA5561 /* ChartLegend.swift */; };
		55EB882F1B954C2C00CA5561 /* ChartLegendRenderer.swift in Sources */ = {isa = PBXBuildFile; fileRef = 55EB882E1B954C2C00CA5561 /* ChartLegendRenderer.swift */; };
		55EB88311B954C7F00CA5561 /* ChartMarker.swift in Sources */ = {isa = PBXBuildFile; fileRef = 55EB88301B954C7F00CA5561 /* ChartMarker.swift */; };
		55EB88331B954E2400CA5561 /* RadarChartView.swift in Sources */ = {isa = PBXBuildFile; fileRef = 55EB88321B954E2400CA5561 /* RadarChartView.swift */; };
		55EB88351B954E9D00CA5561 /* ChartXAxisRendererRadarChart.swift in Sources */ = {isa = PBXBuildFile; fileRef = 55EB88341B954E9D00CA5561 /* ChartXAxisRendererRadarChart.swift */; };
		55EB88391B954F0700CA5561 /* ChartXAxisRenderer.swift in Sources */ = {isa = PBXBuildFile; fileRef = 55EB88381B954F0700CA5561 /* ChartXAxisRenderer.swift */; };
		55EB883B1B954F4C00CA5561 /* ChartAxisRendererBase.swift in Sources */ = {isa = PBXBuildFile; fileRef = 55EB883A1B954F4C00CA5561 /* ChartAxisRendererBase.swift */; };
		55EB883D1B954FB000CA5561 /* ChartTransformer.swift in Sources */ = {isa = PBXBuildFile; fileRef = 55EB883C1B954FB000CA5561 /* ChartTransformer.swift */; };
		55EB883F1B954FEA00CA5561 /* ChartYAxisRendererRadarChart.swift in Sources */ = {isa = PBXBuildFile; fileRef = 55EB883E1B954FEA00CA5561 /* ChartYAxisRendererRadarChart.swift */; };
		55EB88411B95501E00CA5561 /* ChartYAxisRenderer.swift in Sources */ = {isa = PBXBuildFile; fileRef = 55EB88401B95501E00CA5561 /* ChartYAxisRenderer.swift */; };
		55EB88431B95525800CA5561 /* RadarChartRenderer.swift in Sources */ = {isa = PBXBuildFile; fileRef = 55EB88421B95525800CA5561 /* RadarChartRenderer.swift */; };
		55EB88451B9552AF00CA5561 /* RadarChartDataSet.swift in Sources */ = {isa = PBXBuildFile; fileRef = 55EB88441B9552AF00CA5561 /* RadarChartDataSet.swift */; };
		55EB88471B95532400CA5561 /* LineRadarChartDataSet.swift in Sources */ = {isa = PBXBuildFile; fileRef = 55EB88461B95532400CA5561 /* LineRadarChartDataSet.swift */; };
		55EB88491B95536400CA5561 /* BarLineScatterCandleChartDataSet.swift in Sources */ = {isa = PBXBuildFile; fileRef = 55EB88481B95536400CA5561 /* BarLineScatterCandleChartDataSet.swift */; };
		55EB884B1B9553DB00CA5561 /* RadarChartData.swift in Sources */ = {isa = PBXBuildFile; fileRef = 55EB884A1B9553DB00CA5561 /* RadarChartData.swift */; };
/* End PBXBuildFile section */

/* Begin PBXContainerItemProxy section */
		55C28A5C1B55F0E3001D073E /* PBXContainerItemProxy */ = {
			isa = PBXContainerItemProxy;
			containerPortal = 55C28A3B1B55F0E2001D073E /* Project object */;
			proxyType = 1;
			remoteGlobalIDString = 55C28A421B55F0E2001D073E;
			remoteInfo = "CapitalGain Tax Calculator";
		};
/* End PBXContainerItemProxy section */

/* Begin PBXFileReference section */
		5505E4401B9328C000E95F93 /* 365-No.png */ = {isa = PBXFileReference; lastKnownFileType = image.png; path = "365-No.png"; sourceTree = "<group>"; };
		5505E4411B9328C000E95F93 /* 365.png */ = {isa = PBXFileReference; lastKnownFileType = image.png; path = 365.png; sourceTree = "<group>"; };
		5505E4421B9328C000E95F93 /* Long Term.png */ = {isa = PBXFileReference; lastKnownFileType = image.png; path = "Long Term.png"; sourceTree = "<group>"; };
		5505E4431B9328C000E95F93 /* Long.png */ = {isa = PBXFileReference; lastKnownFileType = image.png; path = Long.png; sourceTree = "<group>"; };
		5505E4441B9328C000E95F93 /* Short Term.png */ = {isa = PBXFileReference; lastKnownFileType = image.png; path = "Short Term.png"; sourceTree = "<group>"; };
		5505E4451B9328C000E95F93 /* Short.png */ = {isa = PBXFileReference; lastKnownFileType = image.png; path = Short.png; sourceTree = "<group>"; };
		5505E44C1B935A0B00E95F93 /* Utils.swift */ = {isa = PBXFileReference; fileEncoding = 4; lastKnownFileType = sourcecode.swift; path = Utils.swift; sourceTree = "<group>"; };
		5529604C1B6327A50035622F /* SevenSwitch.swift */ = {isa = PBXFileReference; fileEncoding = 4; lastKnownFileType = sourcecode.swift; path = SevenSwitch.swift; sourceTree = "<group>"; };
		5529604E1B65B0DF0035622F /* InvestmentTableViewCell.swift */ = {isa = PBXFileReference; fileEncoding = 4; lastKnownFileType = sourcecode.swift; path = InvestmentTableViewCell.swift; sourceTree = "<group>"; };
		555F00CB1B6BEACC00EB1EAF /* DataManager.swift */ = {isa = PBXFileReference; fileEncoding = 4; lastKnownFileType = sourcecode.swift; path = DataManager.swift; sourceTree = "<group>"; };
		555F15731B7FFF8D00A34EC4 /* ContainerMultiResultController.swift */ = {isa = PBXFileReference; fileEncoding = 4; lastKnownFileType = sourcecode.swift; path = ContainerMultiResultController.swift; sourceTree = "<group>"; };
		555F15751B7FFFD700A34EC4 /* ResultLabelController.swift */ = {isa = PBXFileReference; fileEncoding = 4; lastKnownFileType = sourcecode.swift; path = ResultLabelController.swift; sourceTree = "<group>"; };
		555F15771B80017000A34EC4 /* ResultsSegue.swift */ = {isa = PBXFileReference; fileEncoding = 4; lastKnownFileType = sourcecode.swift; path = ResultsSegue.swift; sourceTree = "<group>"; };
		555F15791B815C1500A34EC4 /* TaxPageController.swift */ = {isa = PBXFileReference; fileEncoding = 4; lastKnownFileType = sourcecode.swift; path = TaxPageController.swift; sourceTree = "<group>"; };
		556065CF1B769D490054E00E /* TaxViewControllerContainer.swift */ = {isa = PBXFileReference; fileEncoding = 4; lastKnownFileType = sourcecode.swift; path = TaxViewControllerContainer.swift; sourceTree = "<group>"; };
		55689C2E1B83FE3700F8FAA2 /* BarsChart.swift */ = {isa = PBXFileReference; fileEncoding = 4; lastKnownFileType = sourcecode.swift; name = BarsChart.swift; path = SwiftCharts/BarsChart.swift; sourceTree = "<group>"; };
		55689C2F1B83FE3700F8FAA2 /* ChartAxisLabel.swift */ = {isa = PBXFileReference; fileEncoding = 4; lastKnownFileType = sourcecode.swift; name = ChartAxisLabel.swift; path = SwiftCharts/ChartAxisLabel.swift; sourceTree = "<group>"; };
		55689C301B83FE3700F8FAA2 /* ChartAxisLayer.swift */ = {isa = PBXFileReference; fileEncoding = 4; lastKnownFileType = sourcecode.swift; name = ChartAxisLayer.swift; path = SwiftCharts/ChartAxisLayer.swift; sourceTree = "<group>"; };
		55689C311B83FE3700F8FAA2 /* ChartAxisLayerDefault.swift */ = {isa = PBXFileReference; fileEncoding = 4; lastKnownFileType = sourcecode.swift; name = ChartAxisLayerDefault.swift; path = SwiftCharts/ChartAxisLayerDefault.swift; sourceTree = "<group>"; };
		55689C321B83FE3700F8FAA2 /* ChartAxisModel.swift */ = {isa = PBXFileReference; fileEncoding = 4; lastKnownFileType = sourcecode.swift; name = ChartAxisModel.swift; path = SwiftCharts/ChartAxisModel.swift; sourceTree = "<group>"; };
		55689C331B83FE3700F8FAA2 /* ChartAxisValue.swift */ = {isa = PBXFileReference; fileEncoding = 4; lastKnownFileType = sourcecode.swift; name = ChartAxisValue.swift; path = SwiftCharts/ChartAxisValue.swift; sourceTree = "<group>"; };
		55689C341B83FE3700F8FAA2 /* ChartAxisValueDate.swift */ = {isa = PBXFileReference; fileEncoding = 4; lastKnownFileType = sourcecode.swift; name = ChartAxisValueDate.swift; path = SwiftCharts/ChartAxisValueDate.swift; sourceTree = "<group>"; };
		55689C351B83FE3700F8FAA2 /* ChartAxisValueFloat.swift */ = {isa = PBXFileReference; fileEncoding = 4; lastKnownFileType = sourcecode.swift; name = ChartAxisValueFloat.swift; path = SwiftCharts/ChartAxisValueFloat.swift; sourceTree = "<group>"; };
		55689C361B83FE3700F8FAA2 /* ChartAxisValueFloatScreenLoc.swift */ = {isa = PBXFileReference; fileEncoding = 4; lastKnownFileType = sourcecode.swift; name = ChartAxisValueFloatScreenLoc.swift; path = SwiftCharts/ChartAxisValueFloatScreenLoc.swift; sourceTree = "<group>"; };
		55689C371B83FE3700F8FAA2 /* ChartAxisValueInt.swift */ = {isa = PBXFileReference; fileEncoding = 4; lastKnownFileType = sourcecode.swift; name = ChartAxisValueInt.swift; path = SwiftCharts/ChartAxisValueInt.swift; sourceTree = "<group>"; };
		55689C381B83FE3700F8FAA2 /* ChartAxisValuesGenerator.swift */ = {isa = PBXFileReference; fileEncoding = 4; lastKnownFileType = sourcecode.swift; name = ChartAxisValuesGenerator.swift; path = SwiftCharts/ChartAxisValuesGenerator.swift; sourceTree = "<group>"; };
		55689C391B83FE3700F8FAA2 /* ChartAxisValueString.swift */ = {isa = PBXFileReference; fileEncoding = 4; lastKnownFileType = sourcecode.swift; name = ChartAxisValueString.swift; path = SwiftCharts/ChartAxisValueString.swift; sourceTree = "<group>"; };
		55689C3A1B83FE3700F8FAA2 /* ChartAxisXHighLayerDefault.swift */ = {isa = PBXFileReference; fileEncoding = 4; lastKnownFileType = sourcecode.swift; name = ChartAxisXHighLayerDefault.swift; path = SwiftCharts/ChartAxisXHighLayerDefault.swift; sourceTree = "<group>"; };
		55689C3B1B83FE3700F8FAA2 /* ChartAxisXLayerDefault.swift */ = {isa = PBXFileReference; fileEncoding = 4; lastKnownFileType = sourcecode.swift; name = ChartAxisXLayerDefault.swift; path = SwiftCharts/ChartAxisXLayerDefault.swift; sourceTree = "<group>"; };
		55689C3C1B83FE3700F8FAA2 /* ChartAxisXLowLayerDefault.swift */ = {isa = PBXFileReference; fileEncoding = 4; lastKnownFileType = sourcecode.swift; name = ChartAxisXLowLayerDefault.swift; path = SwiftCharts/ChartAxisXLowLayerDefault.swift; sourceTree = "<group>"; };
		55689C3D1B83FE3700F8FAA2 /* ChartAxisYHighLayerDefault.swift */ = {isa = PBXFileReference; fileEncoding = 4; lastKnownFileType = sourcecode.swift; name = ChartAxisYHighLayerDefault.swift; path = SwiftCharts/ChartAxisYHighLayerDefault.swift; sourceTree = "<group>"; };
		55689C3E1B83FE3700F8FAA2 /* ChartAxisYLayerDefault.swift */ = {isa = PBXFileReference; fileEncoding = 4; lastKnownFileType = sourcecode.swift; name = ChartAxisYLayerDefault.swift; path = SwiftCharts/ChartAxisYLayerDefault.swift; sourceTree = "<group>"; };
		55689C3F1B83FE3700F8FAA2 /* ChartAxisYLowLayerDefault.swift */ = {isa = PBXFileReference; fileEncoding = 4; lastKnownFileType = sourcecode.swift; name = ChartAxisYLowLayerDefault.swift; path = SwiftCharts/ChartAxisYLowLayerDefault.swift; sourceTree = "<group>"; };
		55689C401B83FE3700F8FAA2 /* ChartConfig.swift */ = {isa = PBXFileReference; fileEncoding = 4; lastKnownFileType = sourcecode.swift; name = ChartConfig.swift; path = SwiftCharts/ChartConfig.swift; sourceTree = "<group>"; };
		55689C411B83FE3700F8FAA2 /* ChartContextDrawer.swift */ = {isa = PBXFileReference; fileEncoding = 4; lastKnownFileType = sourcecode.swift; name = ChartContextDrawer.swift; path = SwiftCharts/ChartContextDrawer.swift; sourceTree = "<group>"; };
		55689C421B83FE3700F8FAA2 /* ChartDrawerFunctions.swift */ = {isa = PBXFileReference; fileEncoding = 4; lastKnownFileType = sourcecode.swift; name = ChartDrawerFunctions.swift; path = SwiftCharts/ChartDrawerFunctions.swift; sourceTree = "<group>"; };
		55689C431B83FE3700F8FAA2 /* ChartLabelDrawer.swift */ = {isa = PBXFileReference; fileEncoding = 4; lastKnownFileType = sourcecode.swift; name = ChartLabelDrawer.swift; path = SwiftCharts/ChartLabelDrawer.swift; sourceTree = "<group>"; };
		55689C441B83FE3700F8FAA2 /* ChartLineDrawer.swift */ = {isa = PBXFileReference; fileEncoding = 4; lastKnownFileType = sourcecode.swift; name = ChartLineDrawer.swift; path = SwiftCharts/ChartLineDrawer.swift; sourceTree = "<group>"; };
		55689C451B83FE3700F8FAA2 /* ChartPoint.swift */ = {isa = PBXFileReference; fileEncoding = 4; lastKnownFileType = sourcecode.swift; name = ChartPoint.swift; path = SwiftCharts/ChartPoint.swift; sourceTree = "<group>"; };
		55689C461B83FE3700F8FAA2 /* ChartPointBubble.swift */ = {isa = PBXFileReference; fileEncoding = 4; lastKnownFileType = sourcecode.swift; name = ChartPointBubble.swift; path = SwiftCharts/ChartPointBubble.swift; sourceTree = "<group>"; };
		55689C471B83FE3700F8FAA2 /* ChartPointCandleStick.swift */ = {isa = PBXFileReference; fileEncoding = 4; lastKnownFileType = sourcecode.swift; name = ChartPointCandleStick.swift; path = SwiftCharts/ChartPointCandleStick.swift; sourceTree = "<group>"; };
		55689C481B83FE3700F8FAA2 /* ChartStackedBarsLayer.swift */ = {isa = PBXFileReference; fileEncoding = 4; lastKnownFileType = sourcecode.swift; name = ChartStackedBarsLayer.swift; path = SwiftCharts/ChartStackedBarsLayer.swift; sourceTree = "<group>"; };
		55689C491B83FE3700F8FAA2 /* LineChart.swift */ = {isa = PBXFileReference; fileEncoding = 4; lastKnownFileType = sourcecode.swift; name = LineChart.swift; path = SwiftCharts/LineChart.swift; sourceTree = "<group>"; };
		55689C4A1B83FE3700F8FAA2 /* TrendlineGenerator.swift */ = {isa = PBXFileReference; fileEncoding = 4; lastKnownFileType = sourcecode.swift; name = TrendlineGenerator.swift; path = SwiftCharts/TrendlineGenerator.swift; sourceTree = "<group>"; };
		55689C681B83FE8C00F8FAA2 /* ChartLayer.swift */ = {isa = PBXFileReference; fileEncoding = 4; lastKnownFileType = sourcecode.swift; name = ChartLayer.swift; path = SwiftCharts/ChartLayer.swift; sourceTree = "<group>"; };
		55689C691B83FE8C00F8FAA2 /* ChartLayerBase.swift */ = {isa = PBXFileReference; fileEncoding = 4; lastKnownFileType = sourcecode.swift; name = ChartLayerBase.swift; path = SwiftCharts/ChartLayerBase.swift; sourceTree = "<group>"; };
		55689C6C1B83FECF00F8FAA2 /* ChartUtils.swift */ = {isa = PBXFileReference; fileEncoding = 4; lastKnownFileType = sourcecode.swift; name = ChartUtils.swift; path = SwiftCharts/ChartUtils.swift; sourceTree = "<group>"; };
		55689C6E1B83FF4500F8FAA2 /* Chart.swift */ = {isa = PBXFileReference; fileEncoding = 4; lastKnownFileType = sourcecode.swift; name = Chart.swift; path = SwiftCharts/Chart.swift; sourceTree = "<group>"; };
		55689C6F1B83FF4500F8FAA2 /* ChartCoordsSpace.swift */ = {isa = PBXFileReference; fileEncoding = 4; lastKnownFileType = sourcecode.swift; name = ChartCoordsSpace.swift; path = SwiftCharts/ChartCoordsSpace.swift; sourceTree = "<group>"; };
		55689C701B83FF4500F8FAA2 /* ChartLineModel.swift */ = {isa = PBXFileReference; fileEncoding = 4; lastKnownFileType = sourcecode.swift; name = ChartLineModel.swift; path = SwiftCharts/ChartLineModel.swift; sourceTree = "<group>"; };
		55689C741B83FF8D00F8FAA2 /* ChartBarsLayer.swift */ = {isa = PBXFileReference; fileEncoding = 4; lastKnownFileType = sourcecode.swift; name = ChartBarsLayer.swift; path = SwiftCharts/ChartBarsLayer.swift; sourceTree = "<group>"; };
		55689C761B84004C00F8FAA2 /* ChartCoordsSpaceLayer.swift */ = {isa = PBXFileReference; fileEncoding = 4; lastKnownFileType = sourcecode.swift; name = ChartCoordsSpaceLayer.swift; path = SwiftCharts/ChartCoordsSpaceLayer.swift; sourceTree = "<group>"; };
		55689C771B84004C00F8FAA2 /* ChartPointViewBar.swift */ = {isa = PBXFileReference; fileEncoding = 4; lastKnownFileType = sourcecode.swift; name = ChartPointViewBar.swift; path = SwiftCharts/ChartPointViewBar.swift; sourceTree = "<group>"; };
		55689C7A1B84015300F8FAA2 /* ChartGuideLinesLayer.swift */ = {isa = PBXFileReference; fileEncoding = 4; lastKnownFileType = sourcecode.swift; name = ChartGuideLinesLayer.swift; path = SwiftCharts/ChartGuideLinesLayer.swift; sourceTree = "<group>"; };
		55689C7C1B8401C800F8FAA2 /* ChartPointViewBarStacked.swift */ = {isa = PBXFileReference; fileEncoding = 4; lastKnownFileType = sourcecode.swift; name = ChartPointViewBarStacked.swift; path = SwiftCharts/ChartPointViewBarStacked.swift; sourceTree = "<group>"; };
		55689C7E1B84020900F8FAA2 /* ChartPointsLineLayer.swift */ = {isa = PBXFileReference; fileEncoding = 4; lastKnownFileType = sourcecode.swift; name = ChartPointsLineLayer.swift; path = SwiftCharts/ChartPointsLineLayer.swift; sourceTree = "<group>"; };
		55689C801B84023E00F8FAA2 /* ChartPointsLayer.swift */ = {isa = PBXFileReference; fileEncoding = 4; lastKnownFileType = sourcecode.swift; name = ChartPointsLayer.swift; path = SwiftCharts/ChartPointsLayer.swift; sourceTree = "<group>"; };
		55689C821B84028800F8FAA2 /* ChartLinesView.swift */ = {isa = PBXFileReference; fileEncoding = 4; lastKnownFileType = sourcecode.swift; name = ChartLinesView.swift; path = SwiftCharts/ChartLinesView.swift; sourceTree = "<group>"; };
		55689C841B8402E100F8FAA2 /* StraigthLinePathGenerator.swift */ = {isa = PBXFileReference; fileEncoding = 4; lastKnownFileType = sourcecode.swift; name = StraigthLinePathGenerator.swift; path = SwiftCharts/StraigthLinePathGenerator.swift; sourceTree = "<group>"; };
		55689C861B84071900F8FAA2 /* ExamplesDefaults.swift */ = {isa = PBXFileReference; fileEncoding = 4; lastKnownFileType = sourcecode.swift; name = ExamplesDefaults.swift; path = SwiftCharts/ExamplesDefaults.swift; sourceTree = "<group>"; };
		55689C881B84076600F8FAA2 /* Env.swift */ = {isa = PBXFileReference; fileEncoding = 4; lastKnownFileType = sourcecode.swift; name = Env.swift; path = SwiftCharts/Env.swift; sourceTree = "<group>"; };
		55689C8A1B8407E000F8FAA2 /* ChartGroupedBarsLayer.swift */ = {isa = PBXFileReference; fileEncoding = 4; lastKnownFileType = sourcecode.swift; name = ChartGroupedBarsLayer.swift; path = SwiftCharts/ChartGroupedBarsLayer.swift; sourceTree = "<group>"; };
		55689C8C1B84084000F8FAA2 /* ChartPointsViewsLayer.swift */ = {isa = PBXFileReference; fileEncoding = 4; lastKnownFileType = sourcecode.swift; name = ChartPointsViewsLayer.swift; path = SwiftCharts/ChartPointsViewsLayer.swift; sourceTree = "<group>"; };
		55689C8E1B8408A900F8FAA2 /* ChartViewsConflictSolver.swift */ = {isa = PBXFileReference; fileEncoding = 4; lastKnownFileType = sourcecode.swift; name = ChartViewsConflictSolver.swift; path = SwiftCharts/ChartViewsConflictSolver.swift; sourceTree = "<group>"; };
		557BD8251B6D1559003F5CE1 /* TaxBracket.swift */ = {isa = PBXFileReference; fileEncoding = 4; lastKnownFileType = sourcecode.swift; path = TaxBracket.swift; sourceTree = "<group>"; };
		557BD8271B6D1671003F5CE1 /* TaxOnCapitalGainLossUp.swift */ = {isa = PBXFileReference; fileEncoding = 4; lastKnownFileType = sourcecode.swift; path = TaxOnCapitalGainLossUp.swift; sourceTree = "<group>"; };
		557BD8291B6DA6E2003F5CE1 /* MyPlayground.playground */ = {isa = PBXFileReference; lastKnownFileType = file.playground; path = MyPlayground.playground; sourceTree = "<group>"; };
		557E85D61B66FE6100197CBE /* FilingTableViewCell.swift */ = {isa = PBXFileReference; fileEncoding = 4; lastKnownFileType = sourcecode.swift; path = FilingTableViewCell.swift; sourceTree = "<group>"; };
		557E85D81B66FEFF00197CBE /* FilingStatus.swift */ = {isa = PBXFileReference; fileEncoding = 4; lastKnownFileType = sourcecode.swift; path = FilingStatus.swift; sourceTree = "<group>"; };
		557E85DA1B67084300197CBE /* AddFilingController.swift */ = {isa = PBXFileReference; fileEncoding = 4; lastKnownFileType = sourcecode.swift; path = AddFilingController.swift; sourceTree = "<group>"; };
		557E85DC1B69AA2E00197CBE /* LotTerm.swift */ = {isa = PBXFileReference; fileEncoding = 4; lastKnownFileType = sourcecode.swift; path = LotTerm.swift; sourceTree = "<group>"; };
		557E85DE1B69AC5E00197CBE /* TaxProcessor.swift */ = {isa = PBXFileReference; fileEncoding = 4; lastKnownFileType = sourcecode.swift; path = TaxProcessor.swift; sourceTree = "<group>"; };
		557E85E01B6AE1F200197CBE /* libsqlite3.dylib */ = {isa = PBXFileReference; lastKnownFileType = "compiled.mach-o.dylib"; name = libsqlite3.dylib; path = usr/lib/libsqlite3.dylib; sourceTree = SDKROOT; };
		557E85E31B6AE44E00197CBE /* CapitalGain Tax Calculator-Bridging-Header.h */ = {isa = PBXFileReference; lastKnownFileType = sourcecode.c.h; path = "CapitalGain Tax Calculator-Bridging-Header.h"; sourceTree = "<group>"; };
		557E85E41B6AE44F00197CBE /* FMDB.h */ = {isa = PBXFileReference; fileEncoding = 4; lastKnownFileType = sourcecode.c.h; name = FMDB.h; path = DataLibrary/src/fmdb/FMDB.h; sourceTree = "<group>"; };
		557E85E51B6AE44F00197CBE /* FMDatabase.h */ = {isa = PBXFileReference; fileEncoding = 4; lastKnownFileType = sourcecode.c.h; name = FMDatabase.h; path = DataLibrary/src/fmdb/FMDatabase.h; sourceTree = "<group>"; };
		557E85E61B6AE44F00197CBE /* FMDatabase.m */ = {isa = PBXFileReference; fileEncoding = 4; lastKnownFileType = sourcecode.c.objc; name = FMDatabase.m; path = DataLibrary/src/fmdb/FMDatabase.m; sourceTree = "<group>"; };
		557E85E71B6AE44F00197CBE /* FMResultSet.h */ = {isa = PBXFileReference; fileEncoding = 4; lastKnownFileType = sourcecode.c.h; name = FMResultSet.h; path = DataLibrary/src/fmdb/FMResultSet.h; sourceTree = "<group>"; };
		557E85E81B6AE44F00197CBE /* FMResultSet.m */ = {isa = PBXFileReference; fileEncoding = 4; lastKnownFileType = sourcecode.c.objc; name = FMResultSet.m; path = DataLibrary/src/fmdb/FMResultSet.m; sourceTree = "<group>"; };
		557E85E91B6AE44F00197CBE /* FMDatabaseQueue.h */ = {isa = PBXFileReference; fileEncoding = 4; lastKnownFileType = sourcecode.c.h; name = FMDatabaseQueue.h; path = DataLibrary/src/fmdb/FMDatabaseQueue.h; sourceTree = "<group>"; };
		557E85EA1B6AE44F00197CBE /* FMDatabaseQueue.m */ = {isa = PBXFileReference; fileEncoding = 4; lastKnownFileType = sourcecode.c.objc; name = FMDatabaseQueue.m; path = DataLibrary/src/fmdb/FMDatabaseQueue.m; sourceTree = "<group>"; };
		557E85EB1B6AE44F00197CBE /* FMDatabaseAdditions.h */ = {isa = PBXFileReference; fileEncoding = 4; lastKnownFileType = sourcecode.c.h; name = FMDatabaseAdditions.h; path = DataLibrary/src/fmdb/FMDatabaseAdditions.h; sourceTree = "<group>"; };
		557E85EC1B6AE44F00197CBE /* FMDatabaseAdditions.m */ = {isa = PBXFileReference; fileEncoding = 4; lastKnownFileType = sourcecode.c.objc; name = FMDatabaseAdditions.m; path = DataLibrary/src/fmdb/FMDatabaseAdditions.m; sourceTree = "<group>"; };
		557E85ED1B6AE44F00197CBE /* FMDatabasePool.h */ = {isa = PBXFileReference; fileEncoding = 4; lastKnownFileType = sourcecode.c.h; name = FMDatabasePool.h; path = DataLibrary/src/fmdb/FMDatabasePool.h; sourceTree = "<group>"; };
		557E85EE1B6AE44F00197CBE /* FMDatabasePool.m */ = {isa = PBXFileReference; fileEncoding = 4; lastKnownFileType = sourcecode.c.objc; name = FMDatabasePool.m; path = DataLibrary/src/fmdb/FMDatabasePool.m; sourceTree = "<group>"; };
		5597E7F01B8AC0D200605BBD /* ResultGraphController.swift */ = {isa = PBXFileReference; fileEncoding = 4; lastKnownFileType = sourcecode.swift; path = ResultGraphController.swift; sourceTree = "<group>"; };
		55C28A431B55F0E2001D073E /* CapitalGain Tax Calculator.app */ = {isa = PBXFileReference; explicitFileType = wrapper.application; includeInIndex = 0; path = "CapitalGain Tax Calculator.app"; sourceTree = BUILT_PRODUCTS_DIR; };
		55C28A471B55F0E2001D073E /* Info.plist */ = {isa = PBXFileReference; lastKnownFileType = text.plist.xml; path = Info.plist; sourceTree = "<group>"; };
		55C28A481B55F0E2001D073E /* AppDelegate.swift */ = {isa = PBXFileReference; lastKnownFileType = sourcecode.swift; path = AppDelegate.swift; sourceTree = "<group>"; };
		55C28A4B1B55F0E2001D073E /* CapitalGain_Tax_Calculator.xcdatamodel */ = {isa = PBXFileReference; lastKnownFileType = wrapper.xcdatamodel; path = CapitalGain_Tax_Calculator.xcdatamodel; sourceTree = "<group>"; };
		55C28A501B55F0E2001D073E /* Base */ = {isa = PBXFileReference; lastKnownFileType = file.storyboard; name = Base; path = Base.lproj/Main.storyboard; sourceTree = "<group>"; };
		55C28A521B55F0E2001D073E /* Images.xcassets */ = {isa = PBXFileReference; lastKnownFileType = folder.assetcatalog; path = Images.xcassets; sourceTree = "<group>"; };
		55C28A551B55F0E2001D073E /* Base */ = {isa = PBXFileReference; lastKnownFileType = file.xib; name = Base; path = Base.lproj/LaunchScreen.xib; sourceTree = "<group>"; };
		55C28A5B1B55F0E3001D073E /* CapitalGain Tax CalculatorTests.xctest */ = {isa = PBXFileReference; explicitFileType = wrapper.cfbundle; includeInIndex = 0; path = "CapitalGain Tax CalculatorTests.xctest"; sourceTree = BUILT_PRODUCTS_DIR; };
		55C28A601B55F0E3001D073E /* Info.plist */ = {isa = PBXFileReference; lastKnownFileType = text.plist.xml; path = Info.plist; sourceTree = "<group>"; };
		55C28A611B55F0E3001D073E /* CapitalGain_Tax_CalculatorTests.swift */ = {isa = PBXFileReference; lastKnownFileType = sourcecode.swift; path = CapitalGain_Tax_CalculatorTests.swift; sourceTree = "<group>"; };
		55C28A6B1B572D9F001D073E /* InvestmentMasterController.swift */ = {isa = PBXFileReference; fileEncoding = 4; lastKnownFileType = sourcecode.swift; path = InvestmentMasterController.swift; sourceTree = "<group>"; };
		55C28A6F1B57C9CB001D073E /* AddInvestmentController.swift */ = {isa = PBXFileReference; fileEncoding = 4; lastKnownFileType = sourcecode.swift; path = AddInvestmentController.swift; sourceTree = "<group>"; };
		55C28A731B58751F001D073E /* LotPosition.swift */ = {isa = PBXFileReference; fileEncoding = 4; lastKnownFileType = sourcecode.swift; path = LotPosition.swift; sourceTree = "<group>"; };
		55D0CF5D1B5DD1AC003B1D3F /* FilingMasterController.swift */ = {isa = PBXFileReference; fileEncoding = 4; lastKnownFileType = sourcecode.swift; path = FilingMasterController.swift; sourceTree = "<group>"; };
		55D0CF6A1B5F1F4E003B1D3F /* CapitalGainController.swift */ = {isa = PBXFileReference; fileEncoding = 4; lastKnownFileType = sourcecode.swift; path = CapitalGainController.swift; sourceTree = "<group>"; };
		55D0CF6C1B5F2145003B1D3F /* CapitalGainManager.swift */ = {isa = PBXFileReference; fileEncoding = 4; lastKnownFileType = sourcecode.swift; path = CapitalGainManager.swift; sourceTree = "<group>"; };
		55DD2B471B6ED2AC002B7400 /* SortedDictionary.swift */ = {isa = PBXFileReference; fileEncoding = 4; lastKnownFileType = sourcecode.swift; path = SortedDictionary.swift; sourceTree = "<group>"; };
		55E7D2F61B778AC40012D1CB /* ContainerInvestmentController.swift */ = {isa = PBXFileReference; fileEncoding = 4; lastKnownFileType = sourcecode.swift; path = ContainerInvestmentController.swift; sourceTree = "<group>"; };
		55EB87F61B953F6400CA5561 /* PieChartController.swift */ = {isa = PBXFileReference; fileEncoding = 4; lastKnownFileType = sourcecode.swift; path = PieChartController.swift; sourceTree = "<group>"; };
		55EB87F81B953FBC00CA5561 /* PieChartData.swift */ = {isa = PBXFileReference; fileEncoding = 4; lastKnownFileType = sourcecode.swift; path = PieChartData.swift; sourceTree = "<group>"; };
		55EB87FA1B9540A700CA5561 /* ChartDataEntry.swift */ = {isa = PBXFileReference; fileEncoding = 4; lastKnownFileType = sourcecode.swift; path = ChartDataEntry.swift; sourceTree = "<group>"; };
		55EB87FC1B95410B00CA5561 /* ChartDataSet.swift */ = {isa = PBXFileReference; fileEncoding = 4; lastKnownFileType = sourcecode.swift; path = ChartDataSet.swift; sourceTree = "<group>"; };
		55EB87FE1B95418800CA5561 /* ChartData.swift */ = {isa = PBXFileReference; fileEncoding = 4; lastKnownFileType = sourcecode.swift; path = ChartData.swift; sourceTree = "<group>"; };
		55EB88001B9541F000CA5561 /* PieChartDataSet.swift */ = {isa = PBXFileReference; fileEncoding = 4; lastKnownFileType = sourcecode.swift; path = PieChartDataSet.swift; sourceTree = "<group>"; };
		55EB88021B9542CD00CA5561 /* ChartUtils_Pie.swift */ = {isa = PBXFileReference; fileEncoding = 4; lastKnownFileType = sourcecode.swift; path = ChartUtils_Pie.swift; sourceTree = "<group>"; };
		55EB880A1B95447D00CA5561 /* Darwin.swift */ = {isa = PBXFileReference; fileEncoding = 4; lastKnownFileType = sourcecode.swift; path = Darwin.swift; sourceTree = "<group>"; };
		55EB880C1B9545A500CA5561 /* ChartSelInfo.swift */ = {isa = PBXFileReference; fileEncoding = 4; lastKnownFileType = sourcecode.swift; path = ChartSelInfo.swift; sourceTree = "<group>"; };
		55EB880E1B9545DC00CA5561 /* ChartYAxis.swift */ = {isa = PBXFileReference; fileEncoding = 4; lastKnownFileType = sourcecode.swift; path = ChartYAxis.swift; sourceTree = "<group>"; };
		55EB88101B95463F00CA5561 /* PieChartView.swift */ = {isa = PBXFileReference; fileEncoding = 4; lastKnownFileType = sourcecode.swift; path = PieChartView.swift; sourceTree = "<group>"; };
		55EB88121B95466F00CA5561 /* PieRadarChartViewBase.swift */ = {isa = PBXFileReference; fileEncoding = 4; lastKnownFileType = sourcecode.swift; path = PieRadarChartViewBase.swift; sourceTree = "<group>"; };
		55EB88141B95469A00CA5561 /* ChartViewBase.swift */ = {isa = PBXFileReference; fileEncoding = 4; lastKnownFileType = sourcecode.swift; path = ChartViewBase.swift; sourceTree = "<group>"; };
		55EB88161B95470400CA5561 /* ChartHighlight.swift */ = {isa = PBXFileReference; fileEncoding = 4; lastKnownFileType = sourcecode.swift; path = ChartHighlight.swift; sourceTree = "<group>"; };
		55EB88181B95474200CA5561 /* PieChartRenderer.swift */ = {isa = PBXFileReference; fileEncoding = 4; lastKnownFileType = sourcecode.swift; path = PieChartRenderer.swift; sourceTree = "<group>"; };
		55EB881A1B95476800CA5561 /* ChartDataRendererBase.swift */ = {isa = PBXFileReference; fileEncoding = 4; lastKnownFileType = sourcecode.swift; path = ChartDataRendererBase.swift; sourceTree = "<group>"; };
		55EB881C1B95478F00CA5561 /* ChartRendererBase.swift */ = {isa = PBXFileReference; fileEncoding = 4; lastKnownFileType = sourcecode.swift; path = ChartRendererBase.swift; sourceTree = "<group>"; };
		55EB881E1B9547CC00CA5561 /* ChartAnimator.swift */ = {isa = PBXFileReference; fileEncoding = 4; lastKnownFileType = sourcecode.swift; path = ChartAnimator.swift; sourceTree = "<group>"; };
		55EB88201B9547FE00CA5561 /* ChartViewPortHandler.swift */ = {isa = PBXFileReference; fileEncoding = 4; lastKnownFileType = sourcecode.swift; path = ChartViewPortHandler.swift; sourceTree = "<group>"; };
		55EB88221B95484500CA5561 /* ChartAxisBase.swift */ = {isa = PBXFileReference; fileEncoding = 4; lastKnownFileType = sourcecode.swift; path = ChartAxisBase.swift; sourceTree = "<group>"; };
		55EB88241B95486200CA5561 /* ChartComponentBase.swift */ = {isa = PBXFileReference; fileEncoding = 4; lastKnownFileType = sourcecode.swift; path = ChartComponentBase.swift; sourceTree = "<group>"; };
		55EB88261B95488400CA5561 /* ChartXAxis.swift */ = {isa = PBXFileReference; fileEncoding = 4; lastKnownFileType = sourcecode.swift; path = ChartXAxis.swift; sourceTree = "<group>"; };
		55EB88281B95496600CA5561 /* ChartLimitLine.swift */ = {isa = PBXFileReference; fileEncoding = 4; lastKnownFileType = sourcecode.swift; path = ChartLimitLine.swift; sourceTree = "<group>"; };
		55EB882A1B9549CC00CA5561 /* ChartErasingOption.swift */ = {isa = PBXFileReference; fileEncoding = 4; lastKnownFileType = sourcecode.swift; path = ChartErasingOption.swift; sourceTree = "<group>"; };
		55EB882C1B954B9B00CA5561 /* ChartLegend.swift */ = {isa = PBXFileReference; fileEncoding = 4; lastKnownFileType = sourcecode.swift; path = ChartLegend.swift; sourceTree = "<group>"; };
		55EB882E1B954C2C00CA5561 /* ChartLegendRenderer.swift */ = {isa = PBXFileReference; fileEncoding = 4; lastKnownFileType = sourcecode.swift; path = ChartLegendRenderer.swift; sourceTree = "<group>"; };
		55EB88301B954C7F00CA5561 /* ChartMarker.swift */ = {isa = PBXFileReference; fileEncoding = 4; lastKnownFileType = sourcecode.swift; path = ChartMarker.swift; sourceTree = "<group>"; };
		55EB88321B954E2400CA5561 /* RadarChartView.swift */ = {isa = PBXFileReference; fileEncoding = 4; lastKnownFileType = sourcecode.swift; path = RadarChartView.swift; sourceTree = "<group>"; };
		55EB88341B954E9D00CA5561 /* ChartXAxisRendererRadarChart.swift */ = {isa = PBXFileReference; fileEncoding = 4; lastKnownFileType = sourcecode.swift; path = ChartXAxisRendererRadarChart.swift; sourceTree = "<group>"; };
		55EB88381B954F0700CA5561 /* ChartXAxisRenderer.swift */ = {isa = PBXFileReference; fileEncoding = 4; lastKnownFileType = sourcecode.swift; path = ChartXAxisRenderer.swift; sourceTree = "<group>"; };
		55EB883A1B954F4C00CA5561 /* ChartAxisRendererBase.swift */ = {isa = PBXFileReference; fileEncoding = 4; lastKnownFileType = sourcecode.swift; path = ChartAxisRendererBase.swift; sourceTree = "<group>"; };
		55EB883C1B954FB000CA5561 /* ChartTransformer.swift */ = {isa = PBXFileReference; fileEncoding = 4; lastKnownFileType = sourcecode.swift; path = ChartTransformer.swift; sourceTree = "<group>"; };
		55EB883E1B954FEA00CA5561 /* ChartYAxisRendererRadarChart.swift */ = {isa = PBXFileReference; fileEncoding = 4; lastKnownFileType = sourcecode.swift; path = ChartYAxisRendererRadarChart.swift; sourceTree = "<group>"; };
		55EB88401B95501E00CA5561 /* ChartYAxisRenderer.swift */ = {isa = PBXFileReference; fileEncoding = 4; lastKnownFileType = sourcecode.swift; path = ChartYAxisRenderer.swift; sourceTree = "<group>"; };
		55EB88421B95525800CA5561 /* RadarChartRenderer.swift */ = {isa = PBXFileReference; fileEncoding = 4; lastKnownFileType = sourcecode.swift; path = RadarChartRenderer.swift; sourceTree = "<group>"; };
		55EB88441B9552AF00CA5561 /* RadarChartDataSet.swift */ = {isa = PBXFileReference; fileEncoding = 4; lastKnownFileType = sourcecode.swift; path = RadarChartDataSet.swift; sourceTree = "<group>"; };
		55EB88461B95532400CA5561 /* LineRadarChartDataSet.swift */ = {isa = PBXFileReference; fileEncoding = 4; lastKnownFileType = sourcecode.swift; name = LineRadarChartDataSet.swift; path = ../LineRadarChartDataSet.swift; sourceTree = "<group>"; };
		55EB88481B95536400CA5561 /* BarLineScatterCandleChartDataSet.swift */ = {isa = PBXFileReference; fileEncoding = 4; lastKnownFileType = sourcecode.swift; path = BarLineScatterCandleChartDataSet.swift; sourceTree = "<group>"; };
		55EB884A1B9553DB00CA5561 /* RadarChartData.swift */ = {isa = PBXFileReference; fileEncoding = 4; lastKnownFileType = sourcecode.swift; path = RadarChartData.swift; sourceTree = "<group>"; };
/* End PBXFileReference section */

/* Begin PBXFrameworksBuildPhase section */
		55C28A401B55F0E2001D073E /* Frameworks */ = {
			isa = PBXFrameworksBuildPhase;
			buildActionMask = 2147483647;
			files = (
				557E85E11B6AE1F200197CBE /* libsqlite3.dylib in Frameworks */,
			);
			runOnlyForDeploymentPostprocessing = 0;
		};
		55C28A581B55F0E3001D073E /* Frameworks */ = {
			isa = PBXFrameworksBuildPhase;
			buildActionMask = 2147483647;
			files = (
			);
			runOnlyForDeploymentPostprocessing = 0;
		};
/* End PBXFrameworksBuildPhase section */

/* Begin PBXGroup section */
		5505E43F1B93280D00E95F93 /* Resources */ = {
			isa = PBXGroup;
			children = (
				5505E4401B9328C000E95F93 /* 365-No.png */,
				5505E4411B9328C000E95F93 /* 365.png */,
				5505E4421B9328C000E95F93 /* Long Term.png */,
				5505E4431B9328C000E95F93 /* Long.png */,
				5505E4441B9328C000E95F93 /* Short Term.png */,
				5505E4451B9328C000E95F93 /* Short.png */,
			);
			name = Resources;
			sourceTree = "<group>";
		};
		55689C2D1B83FBF800F8FAA2 /* Charts */ = {
			isa = PBXGroup;
			children = (
				55689C8E1B8408A900F8FAA2 /* ChartViewsConflictSolver.swift */,
				55689C8C1B84084000F8FAA2 /* ChartPointsViewsLayer.swift */,
				55689C8A1B8407E000F8FAA2 /* ChartGroupedBarsLayer.swift */,
				55689C881B84076600F8FAA2 /* Env.swift */,
				55689C861B84071900F8FAA2 /* ExamplesDefaults.swift */,
				55689C841B8402E100F8FAA2 /* StraigthLinePathGenerator.swift */,
				55689C821B84028800F8FAA2 /* ChartLinesView.swift */,
				55689C801B84023E00F8FAA2 /* ChartPointsLayer.swift */,
				55689C7E1B84020900F8FAA2 /* ChartPointsLineLayer.swift */,
				55689C7C1B8401C800F8FAA2 /* ChartPointViewBarStacked.swift */,
				55689C7A1B84015300F8FAA2 /* ChartGuideLinesLayer.swift */,
				55689C761B84004C00F8FAA2 /* ChartCoordsSpaceLayer.swift */,
				55689C771B84004C00F8FAA2 /* ChartPointViewBar.swift */,
				55689C741B83FF8D00F8FAA2 /* ChartBarsLayer.swift */,
				55689C6E1B83FF4500F8FAA2 /* Chart.swift */,
				55689C6F1B83FF4500F8FAA2 /* ChartCoordsSpace.swift */,
				55689C701B83FF4500F8FAA2 /* ChartLineModel.swift */,
				55689C6C1B83FECF00F8FAA2 /* ChartUtils.swift */,
				55689C681B83FE8C00F8FAA2 /* ChartLayer.swift */,
				55689C691B83FE8C00F8FAA2 /* ChartLayerBase.swift */,
				55689C2E1B83FE3700F8FAA2 /* BarsChart.swift */,
				55689C2F1B83FE3700F8FAA2 /* ChartAxisLabel.swift */,
				55689C301B83FE3700F8FAA2 /* ChartAxisLayer.swift */,
				55689C311B83FE3700F8FAA2 /* ChartAxisLayerDefault.swift */,
				55689C321B83FE3700F8FAA2 /* ChartAxisModel.swift */,
				55689C331B83FE3700F8FAA2 /* ChartAxisValue.swift */,
				55689C341B83FE3700F8FAA2 /* ChartAxisValueDate.swift */,
				55689C351B83FE3700F8FAA2 /* ChartAxisValueFloat.swift */,
				55689C361B83FE3700F8FAA2 /* ChartAxisValueFloatScreenLoc.swift */,
				55689C371B83FE3700F8FAA2 /* ChartAxisValueInt.swift */,
				55689C381B83FE3700F8FAA2 /* ChartAxisValuesGenerator.swift */,
				55689C391B83FE3700F8FAA2 /* ChartAxisValueString.swift */,
				55689C3A1B83FE3700F8FAA2 /* ChartAxisXHighLayerDefault.swift */,
				55689C3B1B83FE3700F8FAA2 /* ChartAxisXLayerDefault.swift */,
				55689C3C1B83FE3700F8FAA2 /* ChartAxisXLowLayerDefault.swift */,
				55689C3D1B83FE3700F8FAA2 /* ChartAxisYHighLayerDefault.swift */,
				55689C3E1B83FE3700F8FAA2 /* ChartAxisYLayerDefault.swift */,
				55689C3F1B83FE3700F8FAA2 /* ChartAxisYLowLayerDefault.swift */,
				55689C401B83FE3700F8FAA2 /* ChartConfig.swift */,
				55689C411B83FE3700F8FAA2 /* ChartContextDrawer.swift */,
				55689C421B83FE3700F8FAA2 /* ChartDrawerFunctions.swift */,
				55689C431B83FE3700F8FAA2 /* ChartLabelDrawer.swift */,
				55689C441B83FE3700F8FAA2 /* ChartLineDrawer.swift */,
				55689C451B83FE3700F8FAA2 /* ChartPoint.swift */,
				55689C461B83FE3700F8FAA2 /* ChartPointBubble.swift */,
				55689C471B83FE3700F8FAA2 /* ChartPointCandleStick.swift */,
				55689C481B83FE3700F8FAA2 /* ChartStackedBarsLayer.swift */,
				55689C491B83FE3700F8FAA2 /* LineChart.swift */,
				55689C4A1B83FE3700F8FAA2 /* TrendlineGenerator.swift */,
			);
			name = Charts;
			sourceTree = "<group>";
		};
		557E85E21B6AE40E00197CBE /* DataAccess */ = {
			isa = PBXGroup;
			children = (
				557E85E41B6AE44F00197CBE /* FMDB.h */,
				557E85E51B6AE44F00197CBE /* FMDatabase.h */,
				557E85E61B6AE44F00197CBE /* FMDatabase.m */,
				557E85E71B6AE44F00197CBE /* FMResultSet.h */,
				557E85E81B6AE44F00197CBE /* FMResultSet.m */,
				557E85E91B6AE44F00197CBE /* FMDatabaseQueue.h */,
				557E85EA1B6AE44F00197CBE /* FMDatabaseQueue.m */,
				557E85EB1B6AE44F00197CBE /* FMDatabaseAdditions.h */,
				557E85EC1B6AE44F00197CBE /* FMDatabaseAdditions.m */,
				557E85ED1B6AE44F00197CBE /* FMDatabasePool.h */,
				557E85EE1B6AE44F00197CBE /* FMDatabasePool.m */,
				557E85E31B6AE44E00197CBE /* CapitalGain Tax Calculator-Bridging-Header.h */,
			);
			name = DataAccess;
			sourceTree = "<group>";
		};
		55C28A3A1B55F0E2001D073E = {
			isa = PBXGroup;
			children = (
				557E85E01B6AE1F200197CBE /* libsqlite3.dylib */,
				55C28A451B55F0E2001D073E /* CapitalGain Tax Calculator */,
				55C28A5E1B55F0E3001D073E /* CapitalGain Tax CalculatorTests */,
				55C28A441B55F0E2001D073E /* Products */,
			);
			sourceTree = "<group>";
		};
		55C28A441B55F0E2001D073E /* Products */ = {
			isa = PBXGroup;
			children = (
				55C28A431B55F0E2001D073E /* CapitalGain Tax Calculator.app */,
				55C28A5B1B55F0E3001D073E /* CapitalGain Tax CalculatorTests.xctest */,
			);
			name = Products;
			sourceTree = "<group>";
		};
		55C28A451B55F0E2001D073E /* CapitalGain Tax Calculator */ = {
			isa = PBXGroup;
			children = (
				55EB87F51B953F1E00CA5561 /* PieChart */,
				5505E43F1B93280D00E95F93 /* Resources */,
				55689C2D1B83FBF800F8FAA2 /* Charts */,
				557E85E21B6AE40E00197CBE /* DataAccess */,
				55D0CF691B5F1EE5003B1D3F /* Library */,
				55D0CF671B5F16CC003B1D3F /* Controller */,
				55D0CF651B5F16B6003B1D3F /* View */,
				55D0CF631B5F16A4003B1D3F /* Model */,
				55C28A481B55F0E2001D073E /* AppDelegate.swift */,
				55C28A4F1B55F0E2001D073E /* Main.storyboard */,
				55C28A521B55F0E2001D073E /* Images.xcassets */,
				55C28A541B55F0E2001D073E /* LaunchScreen.xib */,
				55C28A4A1B55F0E2001D073E /* CapitalGain_Tax_Calculator.xcdatamodeld */,
				55C28A461B55F0E2001D073E /* Supporting Files */,
				557BD8291B6DA6E2003F5CE1 /* MyPlayground.playground */,
			);
			path = "CapitalGain Tax Calculator";
			sourceTree = "<group>";
		};
		55C28A461B55F0E2001D073E /* Supporting Files */ = {
			isa = PBXGroup;
			children = (
				55C28A471B55F0E2001D073E /* Info.plist */,
			);
			name = "Supporting Files";
			sourceTree = "<group>";
		};
		55C28A5E1B55F0E3001D073E /* CapitalGain Tax CalculatorTests */ = {
			isa = PBXGroup;
			children = (
				55C28A611B55F0E3001D073E /* CapitalGain_Tax_CalculatorTests.swift */,
				55C28A5F1B55F0E3001D073E /* Supporting Files */,
			);
			path = "CapitalGain Tax CalculatorTests";
			sourceTree = "<group>";
		};
		55C28A5F1B55F0E3001D073E /* Supporting Files */ = {
			isa = PBXGroup;
			children = (
				55C28A601B55F0E3001D073E /* Info.plist */,
			);
			name = "Supporting Files";
			sourceTree = "<group>";
		};
		55D0CF631B5F16A4003B1D3F /* Model */ = {
			isa = PBXGroup;
			children = (
				55C28A731B58751F001D073E /* LotPosition.swift */,
				557E85D81B66FEFF00197CBE /* FilingStatus.swift */,
				557E85DC1B69AA2E00197CBE /* LotTerm.swift */,
				557BD8251B6D1559003F5CE1 /* TaxBracket.swift */,
				557BD8271B6D1671003F5CE1 /* TaxOnCapitalGainLossUp.swift */,
			);
			name = Model;
			sourceTree = "<group>";
		};
		55D0CF651B5F16B6003B1D3F /* View */ = {
			isa = PBXGroup;
			children = (
				557E85D61B66FE6100197CBE /* FilingTableViewCell.swift */,
				5529604E1B65B0DF0035622F /* InvestmentTableViewCell.swift */,
				5529604C1B6327A50035622F /* SevenSwitch.swift */,
			);
			name = View;
			sourceTree = "<group>";
		};
		55D0CF671B5F16CC003B1D3F /* Controller */ = {
			isa = PBXGroup;
			children = (
				5597E7F01B8AC0D200605BBD /* ResultGraphController.swift */,
				555F15771B80017000A34EC4 /* ResultsSegue.swift */,
				555F15751B7FFFD700A34EC4 /* ResultLabelController.swift */,
				55D0CF5D1B5DD1AC003B1D3F /* FilingMasterController.swift */,
				55C28A6F1B57C9CB001D073E /* AddInvestmentController.swift */,
				55C28A6B1B572D9F001D073E /* InvestmentMasterController.swift */,
				557E85DA1B67084300197CBE /* AddFilingController.swift */,
				556065CF1B769D490054E00E /* TaxViewControllerContainer.swift */,
				55E7D2F61B778AC40012D1CB /* ContainerInvestmentController.swift */,
				555F15731B7FFF8D00A34EC4 /* ContainerMultiResultController.swift */,
				555F15791B815C1500A34EC4 /* TaxPageController.swift */,
			);
			name = Controller;
			sourceTree = "<group>";
		};
		55D0CF691B5F1EE5003B1D3F /* Library */ = {
			isa = PBXGroup;
			children = (
				55D0CF6A1B5F1F4E003B1D3F /* CapitalGainController.swift */,
				55D0CF6C1B5F2145003B1D3F /* CapitalGainManager.swift */,
				557E85DE1B69AC5E00197CBE /* TaxProcessor.swift */,
				555F00CB1B6BEACC00EB1EAF /* DataManager.swift */,
				55DD2B471B6ED2AC002B7400 /* SortedDictionary.swift */,
				5505E44C1B935A0B00E95F93 /* Utils.swift */,
			);
			name = Library;
			sourceTree = "<group>";
		};
		55EB87F51B953F1E00CA5561 /* PieChart */ = {
			isa = PBXGroup;
			children = (
				55EB88461B95532400CA5561 /* LineRadarChartDataSet.swift */,
				55EB87F61B953F6400CA5561 /* PieChartController.swift */,
				55EB87F81B953FBC00CA5561 /* PieChartData.swift */,
				55EB87FA1B9540A700CA5561 /* ChartDataEntry.swift */,
				55EB87FC1B95410B00CA5561 /* ChartDataSet.swift */,
				55EB87FE1B95418800CA5561 /* ChartData.swift */,
				55EB88001B9541F000CA5561 /* PieChartDataSet.swift */,
				55EB88021B9542CD00CA5561 /* ChartUtils_Pie.swift */,
				55EB880A1B95447D00CA5561 /* Darwin.swift */,
				55EB880C1B9545A500CA5561 /* ChartSelInfo.swift */,
				55EB880E1B9545DC00CA5561 /* ChartYAxis.swift */,
				55EB88101B95463F00CA5561 /* PieChartView.swift */,
				55EB88121B95466F00CA5561 /* PieRadarChartViewBase.swift */,
				55EB88141B95469A00CA5561 /* ChartViewBase.swift */,
				55EB88161B95470400CA5561 /* ChartHighlight.swift */,
				55EB88181B95474200CA5561 /* PieChartRenderer.swift */,
				55EB881A1B95476800CA5561 /* ChartDataRendererBase.swift */,
				55EB881C1B95478F00CA5561 /* ChartRendererBase.swift */,
				55EB881E1B9547CC00CA5561 /* ChartAnimator.swift */,
				55EB88201B9547FE00CA5561 /* ChartViewPortHandler.swift */,
				55EB88221B95484500CA5561 /* ChartAxisBase.swift */,
				55EB88241B95486200CA5561 /* ChartComponentBase.swift */,
				55EB88261B95488400CA5561 /* ChartXAxis.swift */,
				55EB88281B95496600CA5561 /* ChartLimitLine.swift */,
				55EB882A1B9549CC00CA5561 /* ChartErasingOption.swift */,
				55EB882C1B954B9B00CA5561 /* ChartLegend.swift */,
				55EB882E1B954C2C00CA5561 /* ChartLegendRenderer.swift */,
				55EB88301B954C7F00CA5561 /* ChartMarker.swift */,
				55EB88321B954E2400CA5561 /* RadarChartView.swift */,
				55EB88341B954E9D00CA5561 /* ChartXAxisRendererRadarChart.swift */,
				55EB88381B954F0700CA5561 /* ChartXAxisRenderer.swift */,
				55EB883A1B954F4C00CA5561 /* ChartAxisRendererBase.swift */,
				55EB883C1B954FB000CA5561 /* ChartTransformer.swift */,
				55EB883E1B954FEA00CA5561 /* ChartYAxisRendererRadarChart.swift */,
				55EB88401B95501E00CA5561 /* ChartYAxisRenderer.swift */,
				55EB88421B95525800CA5561 /* RadarChartRenderer.swift */,
				55EB88441B9552AF00CA5561 /* RadarChartDataSet.swift */,
				55EB88481B95536400CA5561 /* BarLineScatterCandleChartDataSet.swift */,
				55EB884A1B9553DB00CA5561 /* RadarChartData.swift */,
			);
			name = PieChart;
			sourceTree = "<group>";
		};
/* End PBXGroup section */

/* Begin PBXNativeTarget section */
		55C28A421B55F0E2001D073E /* CapitalGain Tax Calculator */ = {
			isa = PBXNativeTarget;
			buildConfigurationList = 55C28A651B55F0E3001D073E /* Build configuration list for PBXNativeTarget "CapitalGain Tax Calculator" */;
			buildPhases = (
				55C28A3F1B55F0E2001D073E /* Sources */,
				55C28A401B55F0E2001D073E /* Frameworks */,
				55C28A411B55F0E2001D073E /* Resources */,
			);
			buildRules = (
			);
			dependencies = (
			);
			name = "CapitalGain Tax Calculator";
			productName = "CapitalGain Tax Calculator";
			productReference = 55C28A431B55F0E2001D073E /* CapitalGain Tax Calculator.app */;
			productType = "com.apple.product-type.application";
		};
		55C28A5A1B55F0E3001D073E /* CapitalGain Tax CalculatorTests */ = {
			isa = PBXNativeTarget;
			buildConfigurationList = 55C28A681B55F0E3001D073E /* Build configuration list for PBXNativeTarget "CapitalGain Tax CalculatorTests" */;
			buildPhases = (
				55C28A571B55F0E3001D073E /* Sources */,
				55C28A581B55F0E3001D073E /* Frameworks */,
				55C28A591B55F0E3001D073E /* Resources */,
			);
			buildRules = (
			);
			dependencies = (
				55C28A5D1B55F0E3001D073E /* PBXTargetDependency */,
			);
			name = "CapitalGain Tax CalculatorTests";
			productName = "CapitalGain Tax CalculatorTests";
			productReference = 55C28A5B1B55F0E3001D073E /* CapitalGain Tax CalculatorTests.xctest */;
			productType = "com.apple.product-type.bundle.unit-test";
		};
/* End PBXNativeTarget section */

/* Begin PBXProject section */
		55C28A3B1B55F0E2001D073E /* Project object */ = {
			isa = PBXProject;
			attributes = {
				LastUpgradeCheck = 0640;
				ORGANIZATIONNAME = BigRoom;
				TargetAttributes = {
					55C28A421B55F0E2001D073E = {
						CreatedOnToolsVersion = 6.4;
					};
					55C28A5A1B55F0E3001D073E = {
						CreatedOnToolsVersion = 6.4;
						TestTargetID = 55C28A421B55F0E2001D073E;
					};
				};
			};
			buildConfigurationList = 55C28A3E1B55F0E2001D073E /* Build configuration list for PBXProject "CapitalGain Tax Calculator" */;
			compatibilityVersion = "Xcode 3.2";
			developmentRegion = English;
			hasScannedForEncodings = 0;
			knownRegions = (
				en,
				Base,
			);
			mainGroup = 55C28A3A1B55F0E2001D073E;
			productRefGroup = 55C28A441B55F0E2001D073E /* Products */;
			projectDirPath = "";
			projectRoot = "";
			targets = (
				55C28A421B55F0E2001D073E /* CapitalGain Tax Calculator */,
				55C28A5A1B55F0E3001D073E /* CapitalGain Tax CalculatorTests */,
			);
		};
/* End PBXProject section */

/* Begin PBXResourcesBuildPhase section */
		55C28A411B55F0E2001D073E /* Resources */ = {
			isa = PBXResourcesBuildPhase;
			buildActionMask = 2147483647;
			files = (
				55C28A511B55F0E2001D073E /* Main.storyboard in Resources */,
				5505E44A1B9328C000E95F93 /* Short Term.png in Resources */,
				5505E4471B9328C000E95F93 /* 365.png in Resources */,
				5505E4461B9328C000E95F93 /* 365-No.png in Resources */,
				55C28A561B55F0E2001D073E /* LaunchScreen.xib in Resources */,
				5505E4491B9328C000E95F93 /* Long.png in Resources */,
				5505E4481B9328C000E95F93 /* Long Term.png in Resources */,
				55C28A531B55F0E2001D073E /* Images.xcassets in Resources */,
				5505E44B1B9328C000E95F93 /* Short.png in Resources */,
			);
			runOnlyForDeploymentPostprocessing = 0;
		};
		55C28A591B55F0E3001D073E /* Resources */ = {
			isa = PBXResourcesBuildPhase;
			buildActionMask = 2147483647;
			files = (
			);
			runOnlyForDeploymentPostprocessing = 0;
		};
/* End PBXResourcesBuildPhase section */

/* Begin PBXSourcesBuildPhase section */
		55C28A3F1B55F0E2001D073E /* Sources */ = {
			isa = PBXSourcesBuildPhase;
			buildActionMask = 2147483647;
			files = (
				55689C851B8402E100F8FAA2 /* StraigthLinePathGenerator.swift in Sources */,
				55689C5C1B83FE3700F8FAA2 /* ChartAxisYLowLayerDefault.swift in Sources */,
				55689C8B1B8407E000F8FAA2 /* ChartGroupedBarsLayer.swift in Sources */,
				557BD8281B6D1671003F5CE1 /* TaxOnCapitalGainLossUp.swift in Sources */,
				557E85DD1B69AA2E00197CBE /* LotTerm.swift in Sources */,
				55EB87FB1B9540A700CA5561 /* ChartDataEntry.swift in Sources */,
				55689C5F1B83FE3700F8FAA2 /* ChartDrawerFunctions.swift in Sources */,
				55689C551B83FE3700F8FAA2 /* ChartAxisValuesGenerator.swift in Sources */,
				55689C611B83FE3700F8FAA2 /* ChartLineDrawer.swift in Sources */,
				555F00CC1B6BEACD00EB1EAF /* DataManager.swift in Sources */,
				55689C4E1B83FE3700F8FAA2 /* ChartAxisLayerDefault.swift in Sources */,
				55689C671B83FE3700F8FAA2 /* TrendlineGenerator.swift in Sources */,
				55EB87F71B953F6400CA5561 /* PieChartController.swift in Sources */,
				55689C4B1B83FE3700F8FAA2 /* BarsChart.swift in Sources */,
				55EB88031B9542CD00CA5561 /* ChartUtils_Pie.swift in Sources */,
				55689C591B83FE3700F8FAA2 /* ChartAxisXLowLayerDefault.swift in Sources */,
				55EB88291B95496600CA5561 /* ChartLimitLine.swift in Sources */,
				55EB882D1B954B9B00CA5561 /* ChartLegend.swift in Sources */,
				557E85EF1B6AE44F00197CBE /* FMDatabase.m in Sources */,
				555F15741B7FFF8D00A34EC4 /* ContainerMultiResultController.swift in Sources */,
				55689C4C1B83FE3700F8FAA2 /* ChartAxisLabel.swift in Sources */,
				55689C8D1B84084000F8FAA2 /* ChartPointsViewsLayer.swift in Sources */,
				55EB88431B95525800CA5561 /* RadarChartRenderer.swift in Sources */,
				55689C751B83FF8D00F8FAA2 /* ChartBarsLayer.swift in Sources */,
				55EB88471B95532400CA5561 /* LineRadarChartDataSet.swift in Sources */,
				55EB88331B954E2400CA5561 /* RadarChartView.swift in Sources */,
				55EB88451B9552AF00CA5561 /* RadarChartDataSet.swift in Sources */,
				55689C5E1B83FE3700F8FAA2 /* ChartContextDrawer.swift in Sources */,
				55689C5A1B83FE3700F8FAA2 /* ChartAxisYHighLayerDefault.swift in Sources */,
				555F15781B80017000A34EC4 /* ResultsSegue.swift in Sources */,
				55D0CF5E1B5DD1AC003B1D3F /* FilingMasterController.swift in Sources */,
				55689C4D1B83FE3700F8FAA2 /* ChartAxisLayer.swift in Sources */,
				55689C5D1B83FE3700F8FAA2 /* ChartConfig.swift in Sources */,
				55689C711B83FF4500F8FAA2 /* Chart.swift in Sources */,
				55EB88111B95463F00CA5561 /* PieChartView.swift in Sources */,
				557E85F31B6AE44F00197CBE /* FMDatabasePool.m in Sources */,
				55C28A6C1B572D9F001D073E /* InvestmentMasterController.swift in Sources */,
				55EB88411B95501E00CA5561 /* ChartYAxisRenderer.swift in Sources */,
				55689C531B83FE3700F8FAA2 /* ChartAxisValueFloatScreenLoc.swift in Sources */,
				55689C871B84071900F8FAA2 /* ExamplesDefaults.swift in Sources */,
				55EB88211B9547FE00CA5561 /* ChartViewPortHandler.swift in Sources */,
				5505E44D1B935A0B00E95F93 /* Utils.swift in Sources */,
				55689C891B84076600F8FAA2 /* Env.swift in Sources */,
				55689C831B84028800F8FAA2 /* ChartLinesView.swift in Sources */,
				55689C4F1B83FE3700F8FAA2 /* ChartAxisModel.swift in Sources */,
				55EB88231B95484500CA5561 /* ChartAxisBase.swift in Sources */,
				55EB88011B9541F000CA5561 /* PieChartDataSet.swift in Sources */,
				55689C621B83FE3700F8FAA2 /* ChartPoint.swift in Sources */,
				55EB881F1B9547CC00CA5561 /* ChartAnimator.swift in Sources */,
				55D0CF6D1B5F2145003B1D3F /* CapitalGainManager.swift in Sources */,
				55689C7F1B84020900F8FAA2 /* ChartPointsLineLayer.swift in Sources */,
				555F15761B7FFFD700A34EC4 /* ResultLabelController.swift in Sources */,
				55689C8F1B8408AA00F8FAA2 /* ChartViewsConflictSolver.swift in Sources */,
				55689C651B83FE3700F8FAA2 /* ChartStackedBarsLayer.swift in Sources */,
				55DD2B481B6ED2AC002B7400 /* SortedDictionary.swift in Sources */,
				5529604D1B6327A50035622F /* SevenSwitch.swift in Sources */,
				55E7D2F71B778AC40012D1CB /* ContainerInvestmentController.swift in Sources */,
				55EB883B1B954F4C00CA5561 /* ChartAxisRendererBase.swift in Sources */,
				557BD8261B6D1559003F5CE1 /* TaxBracket.swift in Sources */,
				55EB880F1B9545DC00CA5561 /* ChartYAxis.swift in Sources */,
				55689C601B83FE3700F8FAA2 /* ChartLabelDrawer.swift in Sources */,
				55EB882F1B954C2C00CA5561 /* ChartLegendRenderer.swift in Sources */,
				55689C541B83FE3700F8FAA2 /* ChartAxisValueInt.swift in Sources */,
				55EB88271B95488400CA5561 /* ChartXAxis.swift in Sources */,
				557E85D71B66FE6100197CBE /* FilingTableViewCell.swift in Sources */,
				55689C731B83FF4500F8FAA2 /* ChartLineModel.swift in Sources */,
				55689C811B84023E00F8FAA2 /* ChartPointsLayer.swift in Sources */,
				55689C501B83FE3700F8FAA2 /* ChartAxisValue.swift in Sources */,
				557E85F21B6AE44F00197CBE /* FMDatabaseAdditions.m in Sources */,
				55EB884B1B9553DB00CA5561 /* RadarChartData.swift in Sources */,
				55EB88191B95474200CA5561 /* PieChartRenderer.swift in Sources */,
				55689C641B83FE3700F8FAA2 /* ChartPointCandleStick.swift in Sources */,
				55EB880D1B9545A500CA5561 /* ChartSelInfo.swift in Sources */,
				55689C581B83FE3700F8FAA2 /* ChartAxisXLayerDefault.swift in Sources */,
				55C28A741B58751F001D073E /* LotPosition.swift in Sources */,
				55EB88351B954E9D00CA5561 /* ChartXAxisRendererRadarChart.swift in Sources */,
				557E85DB1B67084300197CBE /* AddFilingController.swift in Sources */,
				55EB87FF1B95418800CA5561 /* ChartData.swift in Sources */,
				55C28A491B55F0E2001D073E /* AppDelegate.swift in Sources */,
				55EB88391B954F0700CA5561 /* ChartXAxisRenderer.swift in Sources */,
				55689C781B84004C00F8FAA2 /* ChartCoordsSpaceLayer.swift in Sources */,
				557E85DF1B69AC5E00197CBE /* TaxProcessor.swift in Sources */,
				555F157A1B815C1500A34EC4 /* TaxPageController.swift in Sources */,
				55689C511B83FE3700F8FAA2 /* ChartAxisValueDate.swift in Sources */,
				55689C661B83FE3700F8FAA2 /* LineChart.swift in Sources */,
				5597E7F11B8AC0D200605BBD /* ResultGraphController.swift in Sources */,
				55689C721B83FF4500F8FAA2 /* ChartCoordsSpace.swift in Sources */,
				55689C6D1B83FECF00F8FAA2 /* ChartUtils.swift in Sources */,
				55689C561B83FE3700F8FAA2 /* ChartAxisValueString.swift in Sources */,
				557E85D91B66FEFF00197CBE /* FilingStatus.swift in Sources */,
				55EB88171B95470400CA5561 /* ChartHighlight.swift in Sources */,
				55689C521B83FE3700F8FAA2 /* ChartAxisValueFloat.swift in Sources */,
				55689C5B1B83FE3700F8FAA2 /* ChartAxisYLayerDefault.swift in Sources */,
				55EB88491B95536400CA5561 /* BarLineScatterCandleChartDataSet.swift in Sources */,
				55689C6A1B83FE8C00F8FAA2 /* ChartLayer.swift in Sources */,
				55D0CF6B1B5F1F4E003B1D3F /* CapitalGainController.swift in Sources */,
				55EB87FD1B95410B00CA5561 /* ChartDataSet.swift in Sources */,
				55EB88151B95469A00CA5561 /* ChartViewBase.swift in Sources */,
				55EB883D1B954FB000CA5561 /* ChartTransformer.swift in Sources */,
				55EB88311B954C7F00CA5561 /* ChartMarker.swift in Sources */,
				55689C791B84004C00F8FAA2 /* ChartPointViewBar.swift in Sources */,
				556065D01B769D4A0054E00E /* TaxViewControllerContainer.swift in Sources */,
				557E85F01B6AE44F00197CBE /* FMResultSet.m in Sources */,
				55C28A4C1B55F0E2001D073E /* CapitalGain_Tax_Calculator.xcdatamodeld in Sources */,
				55EB882B1B9549CC00CA5561 /* ChartErasingOption.swift in Sources */,
				55EB88131B95466F00CA5561 /* PieRadarChartViewBase.swift in Sources */,
				5529604F1B65B0DF0035622F /* InvestmentTableViewCell.swift in Sources */,
				55EB883F1B954FEA00CA5561 /* ChartYAxisRendererRadarChart.swift in Sources */,
				55689C571B83FE3700F8FAA2 /* ChartAxisXHighLayerDefault.swift in Sources */,
				55EB881D1B95478F00CA5561 /* ChartRendererBase.swift in Sources */,
				557E85F11B6AE44F00197CBE /* FMDatabaseQueue.m in Sources */,
				55C28A701B57C9CB001D073E /* AddInvestmentController.swift in Sources */,
				55689C631B83FE3700F8FAA2 /* ChartPointBubble.swift in Sources */,
				55689C6B1B83FE8C00F8FAA2 /* ChartLayerBase.swift in Sources */,
				55EB881B1B95476800CA5561 /* ChartDataRendererBase.swift in Sources */,
				55EB88251B95486300CA5561 /* ChartComponentBase.swift in Sources */,
				55689C7D1B8401C800F8FAA2 /* ChartPointViewBarStacked.swift in Sources */,
				55EB880B1B95447D00CA5561 /* Darwin.swift in Sources */,
				55689C7B1B84015300F8FAA2 /* ChartGuideLinesLayer.swift in Sources */,
				55EB87F91B953FBC00CA5561 /* PieChartData.swift in Sources */,
			);
			runOnlyForDeploymentPostprocessing = 0;
		};
		55C28A571B55F0E3001D073E /* Sources */ = {
			isa = PBXSourcesBuildPhase;
			buildActionMask = 2147483647;
			files = (
				553E2FCB1B7F5A570014B3BE /* LotPosition.swift in Sources */,
				553E2FD21B7F5BF00014B3BE /* TaxProcessor.swift in Sources */,
				553E2FC91B7F5A400014B3BE /* TaxBracket.swift in Sources */,
				553E2FD01B7F5A710014B3BE /* SortedDictionary.swift in Sources */,
				553E2FD11B7F5AF40014B3BE /* TaxOnCapitalGainLossUp.swift in Sources */,
				553E2FCE1B7F5A690014B3BE /* CapitalGainManager.swift in Sources */,
				553E2FCA1B7F5A540014B3BE /* LotTerm.swift in Sources */,
				553E2FCC1B7F5A5A0014B3BE /* FilingStatus.swift in Sources */,
				55C28A621B55F0E3001D073E /* CapitalGain_Tax_CalculatorTests.swift in Sources */,
			);
			runOnlyForDeploymentPostprocessing = 0;
		};
/* End PBXSourcesBuildPhase section */

/* Begin PBXTargetDependency section */
		55C28A5D1B55F0E3001D073E /* PBXTargetDependency */ = {
			isa = PBXTargetDependency;
			target = 55C28A421B55F0E2001D073E /* CapitalGain Tax Calculator */;
			targetProxy = 55C28A5C1B55F0E3001D073E /* PBXContainerItemProxy */;
		};
/* End PBXTargetDependency section */

/* Begin PBXVariantGroup section */
		55C28A4F1B55F0E2001D073E /* Main.storyboard */ = {
			isa = PBXVariantGroup;
			children = (
				55C28A501B55F0E2001D073E /* Base */,
			);
			name = Main.storyboard;
			sourceTree = "<group>";
		};
		55C28A541B55F0E2001D073E /* LaunchScreen.xib */ = {
			isa = PBXVariantGroup;
			children = (
				55C28A551B55F0E2001D073E /* Base */,
			);
			name = LaunchScreen.xib;
			sourceTree = "<group>";
		};
/* End PBXVariantGroup section */

/* Begin XCBuildConfiguration section */
		55C28A631B55F0E3001D073E /* Debug */ = {
			isa = XCBuildConfiguration;
			buildSettings = {
				ALWAYS_SEARCH_USER_PATHS = NO;
				CLANG_CXX_LANGUAGE_STANDARD = "gnu++0x";
				CLANG_CXX_LIBRARY = "libc++";
				CLANG_ENABLE_MODULES = YES;
				CLANG_ENABLE_OBJC_ARC = YES;
				CLANG_WARN_BOOL_CONVERSION = YES;
				CLANG_WARN_CONSTANT_CONVERSION = YES;
				CLANG_WARN_DIRECT_OBJC_ISA_USAGE = YES_ERROR;
				CLANG_WARN_EMPTY_BODY = YES;
				CLANG_WARN_ENUM_CONVERSION = YES;
				CLANG_WARN_INT_CONVERSION = YES;
				CLANG_WARN_OBJC_ROOT_CLASS = YES_ERROR;
				CLANG_WARN_UNREACHABLE_CODE = YES;
				CLANG_WARN__DUPLICATE_METHOD_MATCH = YES;
				"CODE_SIGN_IDENTITY[sdk=iphoneos*]" = "iPhone Developer";
				COPY_PHASE_STRIP = NO;
				DEBUG_INFORMATION_FORMAT = "dwarf-with-dsym";
				ENABLE_STRICT_OBJC_MSGSEND = YES;
				GCC_C_LANGUAGE_STANDARD = gnu99;
				GCC_DYNAMIC_NO_PIC = NO;
				GCC_NO_COMMON_BLOCKS = YES;
				GCC_OPTIMIZATION_LEVEL = 0;
				GCC_PREPROCESSOR_DEFINITIONS = (
					"DEBUG=1",
					"$(inherited)",
				);
				GCC_SYMBOLS_PRIVATE_EXTERN = NO;
				GCC_WARN_64_TO_32_BIT_CONVERSION = YES;
				GCC_WARN_ABOUT_RETURN_TYPE = YES_ERROR;
				GCC_WARN_UNDECLARED_SELECTOR = YES;
				GCC_WARN_UNINITIALIZED_AUTOS = YES_AGGRESSIVE;
				GCC_WARN_UNUSED_FUNCTION = YES;
				GCC_WARN_UNUSED_VARIABLE = YES;
				IPHONEOS_DEPLOYMENT_TARGET = 8.4;
				MTL_ENABLE_DEBUG_INFO = YES;
				ONLY_ACTIVE_ARCH = YES;
				SDKROOT = iphoneos;
				SWIFT_OPTIMIZATION_LEVEL = "-Onone";
				TARGETED_DEVICE_FAMILY = "1,2";
			};
			name = Debug;
		};
		55C28A641B55F0E3001D073E /* Release */ = {
			isa = XCBuildConfiguration;
			buildSettings = {
				ALWAYS_SEARCH_USER_PATHS = NO;
				CLANG_CXX_LANGUAGE_STANDARD = "gnu++0x";
				CLANG_CXX_LIBRARY = "libc++";
				CLANG_ENABLE_MODULES = YES;
				CLANG_ENABLE_OBJC_ARC = YES;
				CLANG_WARN_BOOL_CONVERSION = YES;
				CLANG_WARN_CONSTANT_CONVERSION = YES;
				CLANG_WARN_DIRECT_OBJC_ISA_USAGE = YES_ERROR;
				CLANG_WARN_EMPTY_BODY = YES;
				CLANG_WARN_ENUM_CONVERSION = YES;
				CLANG_WARN_INT_CONVERSION = YES;
				CLANG_WARN_OBJC_ROOT_CLASS = YES_ERROR;
				CLANG_WARN_UNREACHABLE_CODE = YES;
				CLANG_WARN__DUPLICATE_METHOD_MATCH = YES;
				"CODE_SIGN_IDENTITY[sdk=iphoneos*]" = "iPhone Developer";
				COPY_PHASE_STRIP = NO;
				DEBUG_INFORMATION_FORMAT = "dwarf-with-dsym";
				ENABLE_NS_ASSERTIONS = NO;
				ENABLE_STRICT_OBJC_MSGSEND = YES;
				GCC_C_LANGUAGE_STANDARD = gnu99;
				GCC_NO_COMMON_BLOCKS = YES;
				GCC_WARN_64_TO_32_BIT_CONVERSION = YES;
				GCC_WARN_ABOUT_RETURN_TYPE = YES_ERROR;
				GCC_WARN_UNDECLARED_SELECTOR = YES;
				GCC_WARN_UNINITIALIZED_AUTOS = YES_AGGRESSIVE;
				GCC_WARN_UNUSED_FUNCTION = YES;
				GCC_WARN_UNUSED_VARIABLE = YES;
				IPHONEOS_DEPLOYMENT_TARGET = 8.4;
				MTL_ENABLE_DEBUG_INFO = NO;
				SDKROOT = iphoneos;
				TARGETED_DEVICE_FAMILY = "1,2";
				VALIDATE_PRODUCT = YES;
			};
			name = Release;
		};
		55C28A661B55F0E3001D073E /* Debug */ = {
			isa = XCBuildConfiguration;
			buildSettings = {
				ASSETCATALOG_COMPILER_APPICON_NAME = AppIcon;
				CLANG_ENABLE_MODULES = YES;
				INFOPLIST_FILE = "CapitalGain Tax Calculator/Info.plist";
				LD_RUNPATH_SEARCH_PATHS = "$(inherited) @executable_path/Frameworks";
				PRODUCT_NAME = "$(TARGET_NAME)";
				SWIFT_OBJC_BRIDGING_HEADER = "CapitalGain Tax Calculator/CapitalGain Tax Calculator-Bridging-Header.h";
				SWIFT_OPTIMIZATION_LEVEL = "-Onone";
				TARGETED_DEVICE_FAMILY = 1;
			};
			name = Debug;
		};
		55C28A671B55F0E3001D073E /* Release */ = {
			isa = XCBuildConfiguration;
			buildSettings = {
				ASSETCATALOG_COMPILER_APPICON_NAME = AppIcon;
				CLANG_ENABLE_MODULES = YES;
				INFOPLIST_FILE = "CapitalGain Tax Calculator/Info.plist";
				LD_RUNPATH_SEARCH_PATHS = "$(inherited) @executable_path/Frameworks";
				PRODUCT_NAME = "$(TARGET_NAME)";
				SWIFT_OBJC_BRIDGING_HEADER = "CapitalGain Tax Calculator/CapitalGain Tax Calculator-Bridging-Header.h";
				TARGETED_DEVICE_FAMILY = 1;
			};
			name = Release;
		};
		55C28A691B55F0E3001D073E /* Debug */ = {
			isa = XCBuildConfiguration;
			buildSettings = {
				BUNDLE_LOADER = "$(TEST_HOST)";
				FRAMEWORK_SEARCH_PATHS = (
					"$(SDKROOT)/Developer/Library/Frameworks",
					"$(inherited)",
				);
				GCC_PREPROCESSOR_DEFINITIONS = (
					"DEBUG=1",
					"$(inherited)",
				);
				INFOPLIST_FILE = "CapitalGain Tax CalculatorTests/Info.plist";
				LD_RUNPATH_SEARCH_PATHS = "$(inherited) @executable_path/Frameworks @loader_path/Frameworks";
				PRODUCT_NAME = "$(TARGET_NAME)";
				TEST_HOST = "$(BUILT_PRODUCTS_DIR)/CapitalGain Tax Calculator.app/CapitalGain Tax Calculator";
			};
			name = Debug;
		};
		55C28A6A1B55F0E3001D073E /* Release */ = {
			isa = XCBuildConfiguration;
			buildSettings = {
				BUNDLE_LOADER = "$(TEST_HOST)";
				FRAMEWORK_SEARCH_PATHS = (
					"$(SDKROOT)/Developer/Library/Frameworks",
					"$(inherited)",
				);
				INFOPLIST_FILE = "CapitalGain Tax CalculatorTests/Info.plist";
				LD_RUNPATH_SEARCH_PATHS = "$(inherited) @executable_path/Frameworks @loader_path/Frameworks";
				PRODUCT_NAME = "$(TARGET_NAME)";
				TEST_HOST = "$(BUILT_PRODUCTS_DIR)/CapitalGain Tax Calculator.app/CapitalGain Tax Calculator";
			};
			name = Release;
		};
/* End XCBuildConfiguration section */

/* Begin XCConfigurationList section */
		55C28A3E1B55F0E2001D073E /* Build configuration list for PBXProject "CapitalGain Tax Calculator" */ = {
			isa = XCConfigurationList;
			buildConfigurations = (
				55C28A631B55F0E3001D073E /* Debug */,
				55C28A641B55F0E3001D073E /* Release */,
			);
			defaultConfigurationIsVisible = 0;
			defaultConfigurationName = Release;
		};
		55C28A651B55F0E3001D073E /* Build configuration list for PBXNativeTarget "CapitalGain Tax Calculator" */ = {
			isa = XCConfigurationList;
			buildConfigurations = (
				55C28A661B55F0E3001D073E /* Debug */,
				55C28A671B55F0E3001D073E /* Release */,
			);
			defaultConfigurationIsVisible = 0;
			defaultConfigurationName = Release;
		};
		55C28A681B55F0E3001D073E /* Build configuration list for PBXNativeTarget "CapitalGain Tax CalculatorTests" */ = {
			isa = XCConfigurationList;
			buildConfigurations = (
				55C28A691B55F0E3001D073E /* Debug */,
				55C28A6A1B55F0E3001D073E /* Release */,
			);
			defaultConfigurationIsVisible = 0;
			defaultConfigurationName = Release;
		};
/* End XCConfigurationList section */

/* Begin XCVersionGroup section */
		55C28A4A1B55F0E2001D073E /* CapitalGain_Tax_Calculator.xcdatamodeld */ = {
			isa = XCVersionGroup;
			children = (
				55C28A4B1B55F0E2001D073E /* CapitalGain_Tax_Calculator.xcdatamodel */,
			);
			currentVersion = 55C28A4B1B55F0E2001D073E /* CapitalGain_Tax_Calculator.xcdatamodel */;
			path = CapitalGain_Tax_Calculator.xcdatamodeld;
			sourceTree = "<group>";
			versionGroupType = wrapper.xcdatamodel;
		};
/* End XCVersionGroup section */
	};
	rootObject = 55C28A3B1B55F0E2001D073E /* Project object */;
}
